// !$*UTF8*$!
{
	archiveVersion = 1;
	classes = {
	};
	objectVersion = 55;
	objects = {

/* Begin PBXBuildFile section */
		5201F4663449A602073007AA /* Pods_EpubBookReader.framework in Frameworks */ = {isa = PBXBuildFile; fileRef = 8670F98AD48F35C40967A51C /* Pods_EpubBookReader.framework */; };
		5DFF739F29151A1F00112C27 /* SkyData.swift in Sources */ = {isa = PBXBuildFile; fileRef = 5DFF739E29151A1F00112C27 /* SkyData.swift */; };
		5DFF73A129151A4900112C27 /* SkyEpubSetting.swift in Sources */ = {isa = PBXBuildFile; fileRef = 5DFF73A029151A4900112C27 /* SkyEpubSetting.swift */; };
		C51E9DF728F8416200A972A6 /* Arabic_Book.epub in Resources */ = {isa = PBXBuildFile; fileRef = C51E9DF628F8415E00A972A6 /* Arabic_Book.epub */; };
		C51E9DF828F8416400A972A6 /* English_Book.epub in Resources */ = {isa = PBXBuildFile; fileRef = C51E9DF528F8415D00A972A6 /* English_Book.epub */; };
		C51E9DFC28F8533B00A972A6 /* .gitignore in Resources */ = {isa = PBXBuildFile; fileRef = C51E9DFB28F8533B00A972A6 /* .gitignore */; };
		C54FAC952922B3F40038A0B2 /* AuthenticationServices.framework in Frameworks */ = {isa = PBXBuildFile; fileRef = C54FAC942922B3F40038A0B2 /* AuthenticationServices.framework */; };
		C5505DCB29241DBE004C9D68 /* FMDatabaseQueue.m in Sources */ = {isa = PBXBuildFile; fileRef = C5505DC129241DBE004C9D68 /* FMDatabaseQueue.m */; };
		C5505DCC29241DBE004C9D68 /* FMDatabaseAdditions.m in Sources */ = {isa = PBXBuildFile; fileRef = C5505DC429241DBE004C9D68 /* FMDatabaseAdditions.m */; };
		C5505DCD29241DBE004C9D68 /* FMDatabase.m in Sources */ = {isa = PBXBuildFile; fileRef = C5505DC529241DBE004C9D68 /* FMDatabase.m */; };
		C5505DCE29241DBE004C9D68 /* FMDatabasePool.m in Sources */ = {isa = PBXBuildFile; fileRef = C5505DC929241DBE004C9D68 /* FMDatabasePool.m */; };
		C5505DCF29241DBE004C9D68 /* FMResultSet.m in Sources */ = {isa = PBXBuildFile; fileRef = C5505DCA29241DBE004C9D68 /* FMResultSet.m */; };
		C5505DDE29241DD5004C9D68 /* libskyepub.a in Frameworks */ = {isa = PBXBuildFile; fileRef = C5505DD729241DD5004C9D68 /* libskyepub.a */; };
		C5505E0829241F1B004C9D68 /* scriptForFixed.js in Resources */ = {isa = PBXBuildFile; fileRef = C5505DE029241F1B004C9D68 /* scriptForFixed.js */; };
		C5505E0929241F1B004C9D68 /* custom.css in Resources */ = {isa = PBXBuildFile; fileRef = C5505DE129241F1B004C9D68 /* custom.css */; };
		C5505E0A29241F1B004C9D68 /* script.js in Resources */ = {isa = PBXBuildFile; fileRef = C5505DE229241F1B004C9D68 /* script.js */; };
		C5505E0B29241F1B004C9D68 /* Books.sql in Resources */ = {isa = PBXBuildFile; fileRef = C5505DE329241F1B004C9D68 /* Books.sql */; };
		C5505E0C29241F1B004C9D68 /* UIImage+Extension+SkyEpub.swift in Sources */ = {isa = PBXBuildFile; fileRef = C5505DE529241F1B004C9D68 /* UIImage+Extension+SkyEpub.swift */; };
		C5505E0D29241F1B004C9D68 /* UIColor+Extension+SkyEpub.swift in Sources */ = {isa = PBXBuildFile; fileRef = C5505DE629241F1B004C9D68 /* UIColor+Extension+SkyEpub.swift */; };
		C5505E0E29241F1B004C9D68 /* SkySearchResultType.swift in Sources */ = {isa = PBXBuildFile; fileRef = C5505DE729241F1B004C9D68 /* SkySearchResultType.swift */; };
		C5505E0F29241F1B004C9D68 /* SkyEpubArrowView.swift in Sources */ = {isa = PBXBuildFile; fileRef = C5505DE829241F1B004C9D68 /* SkyEpubArrowView.swift */; };
		C5505E1029241F1B004C9D68 /* UIButton+Extension+SkyEpub.swift in Sources */ = {isa = PBXBuildFile; fileRef = C5505DE929241F1B004C9D68 /* UIButton+Extension+SkyEpub.swift */; };
		C5505E1129241F1B004C9D68 /* SkySlider.swift in Sources */ = {isa = PBXBuildFile; fileRef = C5505DEA29241F1B004C9D68 /* SkySlider.swift */; };
		C5505E1229241F1B004C9D68 /* SkyEpubTheme.swift in Sources */ = {isa = PBXBuildFile; fileRef = C5505DEB29241F1B004C9D68 /* SkyEpubTheme.swift */; };
		C5505E1329241F1B004C9D68 /* SkyBookReaderViewController+listBox.swift in Sources */ = {isa = PBXBuildFile; fileRef = C5505DED29241F1B004C9D68 /* SkyBookReaderViewController+listBox.swift */; };
		C5505E1429241F1B004C9D68 /* SkyBookReaderViewController+Search.swift in Sources */ = {isa = PBXBuildFile; fileRef = C5505DEE29241F1B004C9D68 /* SkyBookReaderViewController+Search.swift */; };
		C5505E1529241F1B004C9D68 /* SkyEpubSearchResultView.xib in Resources */ = {isa = PBXBuildFile; fileRef = C5505DF029241F1B004C9D68 /* SkyEpubSearchResultView.xib */; };
		C5505E1629241F1B004C9D68 /* SkyEpubSearchResultView.swift in Sources */ = {isa = PBXBuildFile; fileRef = C5505DF129241F1B004C9D68 /* SkyEpubSearchResultView.swift */; };
		C5505E1729241F1B004C9D68 /* SkyEpubNotesTableViewCell.swift in Sources */ = {isa = PBXBuildFile; fileRef = C5505DF229241F1B004C9D68 /* SkyEpubNotesTableViewCell.swift */; };
		C5505E1829241F1B004C9D68 /* SkyEpubBookmarksTableViewCell.swift in Sources */ = {isa = PBXBuildFile; fileRef = C5505DF329241F1B004C9D68 /* SkyEpubBookmarksTableViewCell.swift */; };
		C5505E1929241F1B004C9D68 /* SkyEpubContentsTableViewCell.swift in Sources */ = {isa = PBXBuildFile; fileRef = C5505DF429241F1B004C9D68 /* SkyEpubContentsTableViewCell.swift */; };
		C5505E1A29241F1B004C9D68 /* SkyBookReaderViewController+SIBox.swift in Sources */ = {isa = PBXBuildFile; fileRef = C5505DF529241F1B004C9D68 /* SkyBookReaderViewController+SIBox.swift */; };
		C5505E1B29241F1B004C9D68 /* SkyBookReaderViewController+ReflowableViewControllerDataSource.swift in Sources */ = {isa = PBXBuildFile; fileRef = C5505DF629241F1B004C9D68 /* SkyBookReaderViewController+ReflowableViewControllerDataSource.swift */; };
		C5505E1C29241F1B004C9D68 /* SkyBookReaderViewController+LineSpacing.swift in Sources */ = {isa = PBXBuildFile; fileRef = C5505DF729241F1B004C9D68 /* SkyBookReaderViewController+LineSpacing.swift */; };
		C5505E1D29241F1B004C9D68 /* SkyBookReaderViewController+SkyProviderDataSource.swift in Sources */ = {isa = PBXBuildFile; fileRef = C5505DF829241F1B004C9D68 /* SkyBookReaderViewController+SkyProviderDataSource.swift */; };
		C5505E1E29241F1B004C9D68 /* SkyBookReaderViewController+ColorBox.swift in Sources */ = {isa = PBXBuildFile; fileRef = C5505DF929241F1B004C9D68 /* SkyBookReaderViewController+ColorBox.swift */; };
		C5505E1F29241F1B004C9D68 /* SkyBookReaderViewController.swift in Sources */ = {isa = PBXBuildFile; fileRef = C5505DFA29241F1B004C9D68 /* SkyBookReaderViewController.swift */; };
		C5505E2029241F1B004C9D68 /* SkyBookReaderViewController+Note.swift in Sources */ = {isa = PBXBuildFile; fileRef = C5505DFB29241F1B004C9D68 /* SkyBookReaderViewController+Note.swift */; };
		C5505E2129241F1B004C9D68 /* SkyBookReaderViewController+Bookmark.swift in Sources */ = {isa = PBXBuildFile; fileRef = C5505DFC29241F1B004C9D68 /* SkyBookReaderViewController+Bookmark.swift */; };
		C5505E2229241F1B004C9D68 /* SkyBookReaderViewController+Fonts.swift in Sources */ = {isa = PBXBuildFile; fileRef = C5505DFD29241F1B004C9D68 /* SkyBookReaderViewController+Fonts.swift */; };
		C5505E2329241F1B004C9D68 /* SkyBookReaderViewController+Highlight.swift in Sources */ = {isa = PBXBuildFile; fileRef = C5505DFE29241F1B004C9D68 /* SkyBookReaderViewController+Highlight.swift */; };
		C5505E2429241F1B004C9D68 /* SkyBookReaderViewController+UITableView.swift in Sources */ = {isa = PBXBuildFile; fileRef = C5505DFF29241F1B004C9D68 /* SkyBookReaderViewController+UITableView.swift */; };
		C5505E2529241F1B004C9D68 /* SkyBookReaderViewController+UITextFieldDelegate.swift in Sources */ = {isa = PBXBuildFile; fileRef = C5505E0029241F1B004C9D68 /* SkyBookReaderViewController+UITextFieldDelegate.swift */; };
		C5505E2629241F1B004C9D68 /* SkyBookReaderViewController+Theme.swift in Sources */ = {isa = PBXBuildFile; fileRef = C5505E0129241F1B004C9D68 /* SkyBookReaderViewController+Theme.swift */; };
		C5505E2729241F1B004C9D68 /* SkyEpubStoryboard.storyboard in Resources */ = {isa = PBXBuildFile; fileRef = C5505E0229241F1B004C9D68 /* SkyEpubStoryboard.storyboard */; };
		C5505E2829241F1B004C9D68 /* SkyBookReaderViewController+MediaBox.swift in Sources */ = {isa = PBXBuildFile; fileRef = C5505E0329241F1B004C9D68 /* SkyBookReaderViewController+MediaBox.swift */; };
		C5505E2929241F1B004C9D68 /* SkyBookReaderViewController+SkyError.swift in Sources */ = {isa = PBXBuildFile; fileRef = C5505E0429241F1B004C9D68 /* SkyBookReaderViewController+SkyError.swift */; };
		C5505E2A29241F1B004C9D68 /* uwch.ttf in Resources */ = {isa = PBXBuildFile; fileRef = C5505E0629241F1B004C9D68 /* uwch.ttf */; };
		C5505E2B29241F1B004C9D68 /* Mayflower Antique.ttf in Resources */ = {isa = PBXBuildFile; fileRef = C5505E0729241F1B004C9D68 /* Mayflower Antique.ttf */; };
		C5678CB028D61F34001096BE /* AppDelegate.swift in Sources */ = {isa = PBXBuildFile; fileRef = C5678CAF28D61F34001096BE /* AppDelegate.swift */; };
		C5678CB428D61F34001096BE /* ViewController.swift in Sources */ = {isa = PBXBuildFile; fileRef = C5678CB328D61F34001096BE /* ViewController.swift */; };
		C5678CB728D61F34001096BE /* Main.storyboard in Resources */ = {isa = PBXBuildFile; fileRef = C5678CB528D61F34001096BE /* Main.storyboard */; };
		C5678CB928D61F35001096BE /* Assets.xcassets in Resources */ = {isa = PBXBuildFile; fileRef = C5678CB828D61F35001096BE /* Assets.xcassets */; };
		C5678CBC28D61F35001096BE /* LaunchScreen.storyboard in Resources */ = {isa = PBXBuildFile; fileRef = C5678CBA28D61F35001096BE /* LaunchScreen.storyboard */; };
		C5B19F3629335AB900BAD35C /* ViewController+downloadable.swift in Sources */ = {isa = PBXBuildFile; fileRef = C5B19F3529335AB900BAD35C /* ViewController+downloadable.swift */; };
		C5BC7CCF2913039800950F23 /* libskyepub.a in Frameworks */ = {isa = PBXBuildFile; fileRef = C5BC7CC82913039800950F23 /* libskyepub.a */; };
		C5C782F0291E41DB00341B07 /* SkyConfigurator.swift in Sources */ = {isa = PBXBuildFile; fileRef = C5C782EF291E41DB00341B07 /* SkyConfigurator.swift */; };
		C5F89F6929168616008144BA /* Alice.epub in Resources */ = {isa = PBXBuildFile; fileRef = C5F89F6729168616008144BA /* Alice.epub */; };
		C5F89F6A29168616008144BA /* Doctor.epub in Resources */ = {isa = PBXBuildFile; fileRef = C5F89F6829168616008144BA /* Doctor.epub */; };
		C5F89F762916A055008144BA /* FileHelper.swift in Sources */ = {isa = PBXBuildFile; fileRef = C5F89F752916A055008144BA /* FileHelper.swift */; };
		C5F89F782916A096008144BA /* Debugger.swift in Sources */ = {isa = PBXBuildFile; fileRef = C5F89F772916A096008144BA /* Debugger.swift */; };
/* End PBXBuildFile section */

/* Begin PBXFileReference section */
		5DFF739E29151A1F00112C27 /* SkyData.swift */ = {isa = PBXFileReference; fileEncoding = 4; lastKnownFileType = sourcecode.swift; path = SkyData.swift; sourceTree = "<group>"; };
		5DFF73A029151A4900112C27 /* SkyEpubSetting.swift */ = {isa = PBXFileReference; fileEncoding = 4; lastKnownFileType = sourcecode.swift; path = SkyEpubSetting.swift; sourceTree = "<group>"; };
		8670F98AD48F35C40967A51C /* Pods_EpubBookReader.framework */ = {isa = PBXFileReference; explicitFileType = wrapper.framework; includeInIndex = 0; path = Pods_EpubBookReader.framework; sourceTree = BUILT_PRODUCTS_DIR; };
		A2FC3C88A5D1A1E5BE341FB5 /* Pods-EpubBookReader.debug.xcconfig */ = {isa = PBXFileReference; includeInIndex = 1; lastKnownFileType = text.xcconfig; name = "Pods-EpubBookReader.debug.xcconfig"; path = "Target Support Files/Pods-EpubBookReader/Pods-EpubBookReader.debug.xcconfig"; sourceTree = "<group>"; };
		C51E9DF528F8415D00A972A6 /* English_Book.epub */ = {isa = PBXFileReference; lastKnownFileType = file; path = English_Book.epub; sourceTree = "<group>"; };
		C51E9DF628F8415E00A972A6 /* Arabic_Book.epub */ = {isa = PBXFileReference; lastKnownFileType = file; path = Arabic_Book.epub; sourceTree = "<group>"; };
		C51E9DFB28F8533B00A972A6 /* .gitignore */ = {isa = PBXFileReference; fileEncoding = 4; lastKnownFileType = text; path = .gitignore; sourceTree = "<group>"; };
		C54FAC942922B3F40038A0B2 /* AuthenticationServices.framework */ = {isa = PBXFileReference; lastKnownFileType = wrapper.framework; name = AuthenticationServices.framework; path = System/Library/Frameworks/AuthenticationServices.framework; sourceTree = SDKROOT; };
		C5505DC029241DBE004C9D68 /* FMDatabase.h */ = {isa = PBXFileReference; fileEncoding = 4; lastKnownFileType = sourcecode.c.h; path = FMDatabase.h; sourceTree = "<group>"; };
		C5505DC129241DBE004C9D68 /* FMDatabaseQueue.m */ = {isa = PBXFileReference; fileEncoding = 4; lastKnownFileType = sourcecode.c.objc; path = FMDatabaseQueue.m; sourceTree = "<group>"; };
		C5505DC229241DBE004C9D68 /* FMResultSet.h */ = {isa = PBXFileReference; fileEncoding = 4; lastKnownFileType = sourcecode.c.h; path = FMResultSet.h; sourceTree = "<group>"; };
		C5505DC329241DBE004C9D68 /* FMDatabasePool.h */ = {isa = PBXFileReference; fileEncoding = 4; lastKnownFileType = sourcecode.c.h; path = FMDatabasePool.h; sourceTree = "<group>"; };
		C5505DC429241DBE004C9D68 /* FMDatabaseAdditions.m */ = {isa = PBXFileReference; fileEncoding = 4; lastKnownFileType = sourcecode.c.objc; path = FMDatabaseAdditions.m; sourceTree = "<group>"; };
		C5505DC529241DBE004C9D68 /* FMDatabase.m */ = {isa = PBXFileReference; fileEncoding = 4; lastKnownFileType = sourcecode.c.objc; path = FMDatabase.m; sourceTree = "<group>"; };
		C5505DC629241DBE004C9D68 /* FMDatabaseQueue.h */ = {isa = PBXFileReference; fileEncoding = 4; lastKnownFileType = sourcecode.c.h; path = FMDatabaseQueue.h; sourceTree = "<group>"; };
		C5505DC729241DBE004C9D68 /* FMDB.h */ = {isa = PBXFileReference; fileEncoding = 4; lastKnownFileType = sourcecode.c.h; path = FMDB.h; sourceTree = "<group>"; };
		C5505DC829241DBE004C9D68 /* FMDatabaseAdditions.h */ = {isa = PBXFileReference; fileEncoding = 4; lastKnownFileType = sourcecode.c.h; path = FMDatabaseAdditions.h; sourceTree = "<group>"; };
		C5505DC929241DBE004C9D68 /* FMDatabasePool.m */ = {isa = PBXFileReference; fileEncoding = 4; lastKnownFileType = sourcecode.c.objc; path = FMDatabasePool.m; sourceTree = "<group>"; };
		C5505DCA29241DBE004C9D68 /* FMResultSet.m */ = {isa = PBXFileReference; fileEncoding = 4; lastKnownFileType = sourcecode.c.objc; path = FMResultSet.m; sourceTree = "<group>"; };
		C5505DD129241DD5004C9D68 /* Book.h */ = {isa = PBXFileReference; fileEncoding = 4; lastKnownFileType = sourcecode.c.h; path = Book.h; sourceTree = "<group>"; };
		C5505DD229241DD5004C9D68 /* SkyDRMControl.h */ = {isa = PBXFileReference; fileEncoding = 4; lastKnownFileType = sourcecode.c.h; path = SkyDRMControl.h; sourceTree = "<group>"; };
		C5505DD329241DD5004C9D68 /* Highlight.h */ = {isa = PBXFileReference; fileEncoding = 4; lastKnownFileType = sourcecode.c.h; path = Highlight.h; sourceTree = "<group>"; };
		C5505DD429241DD5004C9D68 /* SkyEpub.h */ = {isa = PBXFileReference; fileEncoding = 4; lastKnownFileType = sourcecode.c.h; path = SkyEpub.h; sourceTree = "<group>"; };
		C5505DD529241DD5004C9D68 /* SearchResult.h */ = {isa = PBXFileReference; fileEncoding = 4; lastKnownFileType = sourcecode.c.h; path = SearchResult.h; sourceTree = "<group>"; };
		C5505DD629241DD5004C9D68 /* BookInformation.h */ = {isa = PBXFileReference; fileEncoding = 4; lastKnownFileType = sourcecode.c.h; path = BookInformation.h; sourceTree = "<group>"; };
		C5505DD729241DD5004C9D68 /* libskyepub.a */ = {isa = PBXFileReference; lastKnownFileType = archive.ar; path = libskyepub.a; sourceTree = "<group>"; };
		C5505DD829241DD5004C9D68 /* ContentProvider.h */ = {isa = PBXFileReference; fileEncoding = 4; lastKnownFileType = sourcecode.c.h; path = ContentProvider.h; sourceTree = "<group>"; };
		C5505DD929241DD5004C9D68 /* SpeechSynthesizer.h */ = {isa = PBXFileReference; fileEncoding = 4; lastKnownFileType = sourcecode.c.h; path = SpeechSynthesizer.h; sourceTree = "<group>"; };
		C5505DDA29241DD5004C9D68 /* ReflowableViewController.h */ = {isa = PBXFileReference; fileEncoding = 4; lastKnownFileType = sourcecode.c.h; path = ReflowableViewController.h; sourceTree = "<group>"; };
		C5505DDB29241DD5004C9D68 /* SkyProvider.h */ = {isa = PBXFileReference; fileEncoding = 4; lastKnownFileType = sourcecode.c.h; path = SkyProvider.h; sourceTree = "<group>"; };
		C5505DDC29241DD5004C9D68 /* SkyKeyManager.h */ = {isa = PBXFileReference; fileEncoding = 4; lastKnownFileType = sourcecode.c.h; path = SkyKeyManager.h; sourceTree = "<group>"; };
		C5505DDD29241DD5004C9D68 /* FixedViewController.h */ = {isa = PBXFileReference; fileEncoding = 4; lastKnownFileType = sourcecode.c.h; path = FixedViewController.h; sourceTree = "<group>"; };
		C5505DE029241F1B004C9D68 /* scriptForFixed.js */ = {isa = PBXFileReference; fileEncoding = 4; lastKnownFileType = sourcecode.javascript; path = scriptForFixed.js; sourceTree = "<group>"; };
		C5505DE129241F1B004C9D68 /* custom.css */ = {isa = PBXFileReference; fileEncoding = 4; lastKnownFileType = text.css; path = custom.css; sourceTree = "<group>"; };
		C5505DE229241F1B004C9D68 /* script.js */ = {isa = PBXFileReference; fileEncoding = 4; lastKnownFileType = sourcecode.javascript; path = script.js; sourceTree = "<group>"; };
		C5505DE329241F1B004C9D68 /* Books.sql */ = {isa = PBXFileReference; fileEncoding = 4; lastKnownFileType = text; path = Books.sql; sourceTree = "<group>"; };
		C5505DE529241F1B004C9D68 /* UIImage+Extension+SkyEpub.swift */ = {isa = PBXFileReference; fileEncoding = 4; lastKnownFileType = sourcecode.swift; path = "UIImage+Extension+SkyEpub.swift"; sourceTree = "<group>"; };
		C5505DE629241F1B004C9D68 /* UIColor+Extension+SkyEpub.swift */ = {isa = PBXFileReference; fileEncoding = 4; lastKnownFileType = sourcecode.swift; path = "UIColor+Extension+SkyEpub.swift"; sourceTree = "<group>"; };
		C5505DE729241F1B004C9D68 /* SkySearchResultType.swift */ = {isa = PBXFileReference; fileEncoding = 4; lastKnownFileType = sourcecode.swift; path = SkySearchResultType.swift; sourceTree = "<group>"; };
		C5505DE829241F1B004C9D68 /* SkyEpubArrowView.swift */ = {isa = PBXFileReference; fileEncoding = 4; lastKnownFileType = sourcecode.swift; path = SkyEpubArrowView.swift; sourceTree = "<group>"; };
		C5505DE929241F1B004C9D68 /* UIButton+Extension+SkyEpub.swift */ = {isa = PBXFileReference; fileEncoding = 4; lastKnownFileType = sourcecode.swift; path = "UIButton+Extension+SkyEpub.swift"; sourceTree = "<group>"; };
		C5505DEA29241F1B004C9D68 /* SkySlider.swift */ = {isa = PBXFileReference; fileEncoding = 4; lastKnownFileType = sourcecode.swift; path = SkySlider.swift; sourceTree = "<group>"; };
		C5505DEB29241F1B004C9D68 /* SkyEpubTheme.swift */ = {isa = PBXFileReference; fileEncoding = 4; lastKnownFileType = sourcecode.swift; path = SkyEpubTheme.swift; sourceTree = "<group>"; };
		C5505DED29241F1B004C9D68 /* SkyBookReaderViewController+listBox.swift */ = {isa = PBXFileReference; fileEncoding = 4; lastKnownFileType = sourcecode.swift; path = "SkyBookReaderViewController+listBox.swift"; sourceTree = "<group>"; };
		C5505DEE29241F1B004C9D68 /* SkyBookReaderViewController+Search.swift */ = {isa = PBXFileReference; fileEncoding = 4; lastKnownFileType = sourcecode.swift; path = "SkyBookReaderViewController+Search.swift"; sourceTree = "<group>"; };
		C5505DF029241F1B004C9D68 /* SkyEpubSearchResultView.xib */ = {isa = PBXFileReference; fileEncoding = 4; lastKnownFileType = file.xib; path = SkyEpubSearchResultView.xib; sourceTree = "<group>"; };
		C5505DF129241F1B004C9D68 /* SkyEpubSearchResultView.swift */ = {isa = PBXFileReference; fileEncoding = 4; lastKnownFileType = sourcecode.swift; path = SkyEpubSearchResultView.swift; sourceTree = "<group>"; };
		C5505DF229241F1B004C9D68 /* SkyEpubNotesTableViewCell.swift */ = {isa = PBXFileReference; fileEncoding = 4; lastKnownFileType = sourcecode.swift; path = SkyEpubNotesTableViewCell.swift; sourceTree = "<group>"; };
		C5505DF329241F1B004C9D68 /* SkyEpubBookmarksTableViewCell.swift */ = {isa = PBXFileReference; fileEncoding = 4; lastKnownFileType = sourcecode.swift; path = SkyEpubBookmarksTableViewCell.swift; sourceTree = "<group>"; };
		C5505DF429241F1B004C9D68 /* SkyEpubContentsTableViewCell.swift */ = {isa = PBXFileReference; fileEncoding = 4; lastKnownFileType = sourcecode.swift; path = SkyEpubContentsTableViewCell.swift; sourceTree = "<group>"; };
		C5505DF529241F1B004C9D68 /* SkyBookReaderViewController+SIBox.swift */ = {isa = PBXFileReference; fileEncoding = 4; lastKnownFileType = sourcecode.swift; path = "SkyBookReaderViewController+SIBox.swift"; sourceTree = "<group>"; };
		C5505DF629241F1B004C9D68 /* SkyBookReaderViewController+ReflowableViewControllerDataSource.swift */ = {isa = PBXFileReference; fileEncoding = 4; lastKnownFileType = sourcecode.swift; path = "SkyBookReaderViewController+ReflowableViewControllerDataSource.swift"; sourceTree = "<group>"; };
		C5505DF729241F1B004C9D68 /* SkyBookReaderViewController+LineSpacing.swift */ = {isa = PBXFileReference; fileEncoding = 4; lastKnownFileType = sourcecode.swift; path = "SkyBookReaderViewController+LineSpacing.swift"; sourceTree = "<group>"; };
		C5505DF829241F1B004C9D68 /* SkyBookReaderViewController+SkyProviderDataSource.swift */ = {isa = PBXFileReference; fileEncoding = 4; lastKnownFileType = sourcecode.swift; path = "SkyBookReaderViewController+SkyProviderDataSource.swift"; sourceTree = "<group>"; };
		C5505DF929241F1B004C9D68 /* SkyBookReaderViewController+ColorBox.swift */ = {isa = PBXFileReference; fileEncoding = 4; lastKnownFileType = sourcecode.swift; path = "SkyBookReaderViewController+ColorBox.swift"; sourceTree = "<group>"; };
		C5505DFA29241F1B004C9D68 /* SkyBookReaderViewController.swift */ = {isa = PBXFileReference; fileEncoding = 4; lastKnownFileType = sourcecode.swift; path = SkyBookReaderViewController.swift; sourceTree = "<group>"; };
		C5505DFB29241F1B004C9D68 /* SkyBookReaderViewController+Note.swift */ = {isa = PBXFileReference; fileEncoding = 4; lastKnownFileType = sourcecode.swift; path = "SkyBookReaderViewController+Note.swift"; sourceTree = "<group>"; };
		C5505DFC29241F1B004C9D68 /* SkyBookReaderViewController+Bookmark.swift */ = {isa = PBXFileReference; fileEncoding = 4; lastKnownFileType = sourcecode.swift; path = "SkyBookReaderViewController+Bookmark.swift"; sourceTree = "<group>"; };
		C5505DFD29241F1B004C9D68 /* SkyBookReaderViewController+Fonts.swift */ = {isa = PBXFileReference; fileEncoding = 4; lastKnownFileType = sourcecode.swift; path = "SkyBookReaderViewController+Fonts.swift"; sourceTree = "<group>"; };
		C5505DFE29241F1B004C9D68 /* SkyBookReaderViewController+Highlight.swift */ = {isa = PBXFileReference; fileEncoding = 4; lastKnownFileType = sourcecode.swift; path = "SkyBookReaderViewController+Highlight.swift"; sourceTree = "<group>"; };
		C5505DFF29241F1B004C9D68 /* SkyBookReaderViewController+UITableView.swift */ = {isa = PBXFileReference; fileEncoding = 4; lastKnownFileType = sourcecode.swift; path = "SkyBookReaderViewController+UITableView.swift"; sourceTree = "<group>"; };
		C5505E0029241F1B004C9D68 /* SkyBookReaderViewController+UITextFieldDelegate.swift */ = {isa = PBXFileReference; fileEncoding = 4; lastKnownFileType = sourcecode.swift; path = "SkyBookReaderViewController+UITextFieldDelegate.swift"; sourceTree = "<group>"; };
		C5505E0129241F1B004C9D68 /* SkyBookReaderViewController+Theme.swift */ = {isa = PBXFileReference; fileEncoding = 4; lastKnownFileType = sourcecode.swift; path = "SkyBookReaderViewController+Theme.swift"; sourceTree = "<group>"; };
		C5505E0229241F1B004C9D68 /* SkyEpubStoryboard.storyboard */ = {isa = PBXFileReference; fileEncoding = 4; lastKnownFileType = file.storyboard; path = SkyEpubStoryboard.storyboard; sourceTree = "<group>"; };
		C5505E0329241F1B004C9D68 /* SkyBookReaderViewController+MediaBox.swift */ = {isa = PBXFileReference; fileEncoding = 4; lastKnownFileType = sourcecode.swift; path = "SkyBookReaderViewController+MediaBox.swift"; sourceTree = "<group>"; };
		C5505E0429241F1B004C9D68 /* SkyBookReaderViewController+SkyError.swift */ = {isa = PBXFileReference; fileEncoding = 4; lastKnownFileType = sourcecode.swift; path = "SkyBookReaderViewController+SkyError.swift"; sourceTree = "<group>"; };
		C5505E0629241F1B004C9D68 /* uwch.ttf */ = {isa = PBXFileReference; lastKnownFileType = file; path = uwch.ttf; sourceTree = "<group>"; };
		C5505E0729241F1B004C9D68 /* Mayflower Antique.ttf */ = {isa = PBXFileReference; lastKnownFileType = file; path = "Mayflower Antique.ttf"; sourceTree = "<group>"; };
		C5678CAC28D61F34001096BE /* EpubBookReader.app */ = {isa = PBXFileReference; explicitFileType = wrapper.application; includeInIndex = 0; path = EpubBookReader.app; sourceTree = BUILT_PRODUCTS_DIR; };
		C5678CAF28D61F34001096BE /* AppDelegate.swift */ = {isa = PBXFileReference; lastKnownFileType = sourcecode.swift; path = AppDelegate.swift; sourceTree = "<group>"; };
		C5678CB328D61F34001096BE /* ViewController.swift */ = {isa = PBXFileReference; lastKnownFileType = sourcecode.swift; path = ViewController.swift; sourceTree = "<group>"; };
		C5678CB628D61F34001096BE /* Base */ = {isa = PBXFileReference; lastKnownFileType = file.storyboard; name = Base; path = Base.lproj/Main.storyboard; sourceTree = "<group>"; };
		C5678CB828D61F35001096BE /* Assets.xcassets */ = {isa = PBXFileReference; lastKnownFileType = folder.assetcatalog; path = Assets.xcassets; sourceTree = "<group>"; };
		C5678CBB28D61F35001096BE /* Base */ = {isa = PBXFileReference; lastKnownFileType = file.storyboard; name = Base; path = Base.lproj/LaunchScreen.storyboard; sourceTree = "<group>"; };
		C5678CBD28D61F35001096BE /* Info.plist */ = {isa = PBXFileReference; lastKnownFileType = text.plist.xml; path = Info.plist; sourceTree = "<group>"; };
		C5B19F3529335AB900BAD35C /* ViewController+downloadable.swift */ = {isa = PBXFileReference; lastKnownFileType = sourcecode.swift; path = "ViewController+downloadable.swift"; sourceTree = "<group>"; };
		C5BC7CC82913039800950F23 /* libskyepub.a */ = {isa = PBXFileReference; lastKnownFileType = archive.ar; path = libskyepub.a; sourceTree = "<group>"; };
		C5BC7CD02913047B00950F23 /* Bridging-Header.h */ = {isa = PBXFileReference; fileEncoding = 4; lastKnownFileType = sourcecode.c.h; path = "Bridging-Header.h"; sourceTree = "<group>"; };
		C5C782EF291E41DB00341B07 /* SkyConfigurator.swift */ = {isa = PBXFileReference; lastKnownFileType = sourcecode.swift; path = SkyConfigurator.swift; sourceTree = "<group>"; };
		C5F89F6729168616008144BA /* Alice.epub */ = {isa = PBXFileReference; lastKnownFileType = file; path = Alice.epub; sourceTree = "<group>"; };
		C5F89F6829168616008144BA /* Doctor.epub */ = {isa = PBXFileReference; lastKnownFileType = file; path = Doctor.epub; sourceTree = "<group>"; };
		C5F89F752916A055008144BA /* FileHelper.swift */ = {isa = PBXFileReference; lastKnownFileType = sourcecode.swift; path = FileHelper.swift; sourceTree = "<group>"; };
		C5F89F772916A096008144BA /* Debugger.swift */ = {isa = PBXFileReference; lastKnownFileType = sourcecode.swift; path = Debugger.swift; sourceTree = "<group>"; };
		DCA771F555BBD0B9CBA5FC8B /* Pods-EpubBookReader.release.xcconfig */ = {isa = PBXFileReference; includeInIndex = 1; lastKnownFileType = text.xcconfig; name = "Pods-EpubBookReader.release.xcconfig"; path = "Target Support Files/Pods-EpubBookReader/Pods-EpubBookReader.release.xcconfig"; sourceTree = "<group>"; };
/* End PBXFileReference section */

/* Begin PBXFrameworksBuildPhase section */
		C5678CA928D61F34001096BE /* Frameworks */ = {
			isa = PBXFrameworksBuildPhase;
			buildActionMask = 2147483647;
			files = (
				5201F4663449A602073007AA /* Pods_EpubBookReader.framework in Frameworks */,
				C5505DDE29241DD5004C9D68 /* libskyepub.a in Frameworks */,
				C5BC7CCF2913039800950F23 /* libskyepub.a in Frameworks */,
				C54FAC952922B3F40038A0B2 /* AuthenticationServices.framework in Frameworks */,
			);
			runOnlyForDeploymentPostprocessing = 0;
		};
/* End PBXFrameworksBuildPhase section */

/* Begin PBXGroup section */
		014F8107492AE50E66B61A81 /* Frameworks */ = {
			isa = PBXGroup;
			children = (
				C54FAC942922B3F40038A0B2 /* AuthenticationServices.framework */,
				8670F98AD48F35C40967A51C /* Pods_EpubBookReader.framework */,
			);
			name = Frameworks;
			sourceTree = "<group>";
		};
		5AE0911A1AA993142F5B458E /* Pods */ = {
			isa = PBXGroup;
			children = (
				A2FC3C88A5D1A1E5BE341FB5 /* Pods-EpubBookReader.debug.xcconfig */,
				DCA771F555BBD0B9CBA5FC8B /* Pods-EpubBookReader.release.xcconfig */,
			);
			path = Pods;
			sourceTree = "<group>";
		};
		5DFF739D291519FE00112C27 /* SkyEpubSDK */ = {
			isa = PBXGroup;
			children = (
				C5505DBF29241DBE004C9D68 /* fmdb */,
				C5505DD029241DD5004C9D68 /* SkyEpub */,
				C5505E0529241F1B004C9D68 /* SkyEpub+Fonts */,
				C5505DDF29241F1B004C9D68 /* SkyEpub+Scripts */,
				C5505DE429241F1B004C9D68 /* SkyEpub+UIViewHelpers */,
				C5505DEC29241F1B004C9D68 /* SkyEpubBookViewReader */,
				C5F89F6629168616008144BA /* SkyEpub+Books+Samples */,
				C5BC7CC82913039800950F23 /* libskyepub.a */,
				5DFF739E29151A1F00112C27 /* SkyData.swift */,
				C5C782EF291E41DB00341B07 /* SkyConfigurator.swift */,
				5DFF73A029151A4900112C27 /* SkyEpubSetting.swift */,
			);
			path = SkyEpubSDK;
			sourceTree = "<group>";
		};
		C5505DBF29241DBE004C9D68 /* fmdb */ = {
			isa = PBXGroup;
			children = (
				C5505DC029241DBE004C9D68 /* FMDatabase.h */,
				C5505DC129241DBE004C9D68 /* FMDatabaseQueue.m */,
				C5505DC229241DBE004C9D68 /* FMResultSet.h */,
				C5505DC329241DBE004C9D68 /* FMDatabasePool.h */,
				C5505DC429241DBE004C9D68 /* FMDatabaseAdditions.m */,
				C5505DC529241DBE004C9D68 /* FMDatabase.m */,
				C5505DC629241DBE004C9D68 /* FMDatabaseQueue.h */,
				C5505DC729241DBE004C9D68 /* FMDB.h */,
				C5505DC829241DBE004C9D68 /* FMDatabaseAdditions.h */,
				C5505DC929241DBE004C9D68 /* FMDatabasePool.m */,
				C5505DCA29241DBE004C9D68 /* FMResultSet.m */,
			);
			path = fmdb;
			sourceTree = "<group>";
		};
		C5505DD029241DD5004C9D68 /* SkyEpub */ = {
			isa = PBXGroup;
			children = (
				C5505DD129241DD5004C9D68 /* Book.h */,
				C5505DD229241DD5004C9D68 /* SkyDRMControl.h */,
				C5505DD329241DD5004C9D68 /* Highlight.h */,
				C5505DD429241DD5004C9D68 /* SkyEpub.h */,
				C5505DD529241DD5004C9D68 /* SearchResult.h */,
				C5505DD629241DD5004C9D68 /* BookInformation.h */,
				C5505DD729241DD5004C9D68 /* libskyepub.a */,
				C5505DD829241DD5004C9D68 /* ContentProvider.h */,
				C5505DD929241DD5004C9D68 /* SpeechSynthesizer.h */,
				C5505DDA29241DD5004C9D68 /* ReflowableViewController.h */,
				C5505DDB29241DD5004C9D68 /* SkyProvider.h */,
				C5505DDC29241DD5004C9D68 /* SkyKeyManager.h */,
				C5505DDD29241DD5004C9D68 /* FixedViewController.h */,
			);
			path = SkyEpub;
			sourceTree = "<group>";
		};
		C5505DDF29241F1B004C9D68 /* SkyEpub+Scripts */ = {
			isa = PBXGroup;
			children = (
				C5505DE029241F1B004C9D68 /* scriptForFixed.js */,
				C5505DE129241F1B004C9D68 /* custom.css */,
				C5505DE229241F1B004C9D68 /* script.js */,
				C5505DE329241F1B004C9D68 /* Books.sql */,
			);
			path = "SkyEpub+Scripts";
			sourceTree = "<group>";
		};
		C5505DE429241F1B004C9D68 /* SkyEpub+UIViewHelpers */ = {
			isa = PBXGroup;
			children = (
				C5505DE529241F1B004C9D68 /* UIImage+Extension+SkyEpub.swift */,
				C5505DE629241F1B004C9D68 /* UIColor+Extension+SkyEpub.swift */,
				C5505DE729241F1B004C9D68 /* SkySearchResultType.swift */,
				C5505DE829241F1B004C9D68 /* SkyEpubArrowView.swift */,
				C5505DE929241F1B004C9D68 /* UIButton+Extension+SkyEpub.swift */,
				C5505DEA29241F1B004C9D68 /* SkySlider.swift */,
				C5505DEB29241F1B004C9D68 /* SkyEpubTheme.swift */,
			);
			path = "SkyEpub+UIViewHelpers";
			sourceTree = "<group>";
		};
		C5505DEC29241F1B004C9D68 /* SkyEpubBookViewReader */ = {
			isa = PBXGroup;
			children = (
				C5505DEF29241F1B004C9D68 /* cells */,
				C5505E0229241F1B004C9D68 /* SkyEpubStoryboard.storyboard */,
				C5505DFA29241F1B004C9D68 /* SkyBookReaderViewController.swift */,
				C5505DED29241F1B004C9D68 /* SkyBookReaderViewController+listBox.swift */,
				C5505DEE29241F1B004C9D68 /* SkyBookReaderViewController+Search.swift */,
				C5505DF529241F1B004C9D68 /* SkyBookReaderViewController+SIBox.swift */,
				C5505DF629241F1B004C9D68 /* SkyBookReaderViewController+ReflowableViewControllerDataSource.swift */,
				C5505DF729241F1B004C9D68 /* SkyBookReaderViewController+LineSpacing.swift */,
				C5505DF829241F1B004C9D68 /* SkyBookReaderViewController+SkyProviderDataSource.swift */,
				C5505DF929241F1B004C9D68 /* SkyBookReaderViewController+ColorBox.swift */,
				C5505DFB29241F1B004C9D68 /* SkyBookReaderViewController+Note.swift */,
				C5505DFC29241F1B004C9D68 /* SkyBookReaderViewController+Bookmark.swift */,
				C5505DFD29241F1B004C9D68 /* SkyBookReaderViewController+Fonts.swift */,
				C5505DFE29241F1B004C9D68 /* SkyBookReaderViewController+Highlight.swift */,
				C5505DFF29241F1B004C9D68 /* SkyBookReaderViewController+UITableView.swift */,
				C5505E0029241F1B004C9D68 /* SkyBookReaderViewController+UITextFieldDelegate.swift */,
				C5505E0129241F1B004C9D68 /* SkyBookReaderViewController+Theme.swift */,
				C5505E0329241F1B004C9D68 /* SkyBookReaderViewController+MediaBox.swift */,
				C5505E0429241F1B004C9D68 /* SkyBookReaderViewController+SkyError.swift */,
			);
			path = SkyEpubBookViewReader;
			sourceTree = "<group>";
		};
		C5505DEF29241F1B004C9D68 /* cells */ = {
			isa = PBXGroup;
			children = (
				C5505DF029241F1B004C9D68 /* SkyEpubSearchResultView.xib */,
				C5505DF129241F1B004C9D68 /* SkyEpubSearchResultView.swift */,
				C5505DF229241F1B004C9D68 /* SkyEpubNotesTableViewCell.swift */,
				C5505DF329241F1B004C9D68 /* SkyEpubBookmarksTableViewCell.swift */,
				C5505DF429241F1B004C9D68 /* SkyEpubContentsTableViewCell.swift */,
			);
			path = cells;
			sourceTree = "<group>";
		};
		C5505E0529241F1B004C9D68 /* SkyEpub+Fonts */ = {
			isa = PBXGroup;
			children = (
				C5505E0629241F1B004C9D68 /* uwch.ttf */,
				C5505E0729241F1B004C9D68 /* Mayflower Antique.ttf */,
			);
			path = "SkyEpub+Fonts";
			sourceTree = "<group>";
		};
		C5678CA328D61F34001096BE = {
			isa = PBXGroup;
			children = (
				C51E9DFB28F8533B00A972A6 /* .gitignore */,
				C5BC7CD02913047B00950F23 /* Bridging-Header.h */,
				5DFF739D291519FE00112C27 /* SkyEpubSDK */,
				C5F89F742916A048008144BA /* Extra */,
				C5678CAE28D61F34001096BE /* EpubBookReader */,
				C5678CAD28D61F34001096BE /* Products */,
				5AE0911A1AA993142F5B458E /* Pods */,
				014F8107492AE50E66B61A81 /* Frameworks */,
			);
			sourceTree = "<group>";
		};
		C5678CAD28D61F34001096BE /* Products */ = {
			isa = PBXGroup;
			children = (
				C5678CAC28D61F34001096BE /* EpubBookReader.app */,
			);
			name = Products;
			sourceTree = "<group>";
		};
		C5678CAE28D61F34001096BE /* EpubBookReader */ = {
			isa = PBXGroup;
			children = (
				C5678CAF28D61F34001096BE /* AppDelegate.swift */,
				C5678CB528D61F34001096BE /* Main.storyboard */,
				C5678CB328D61F34001096BE /* ViewController.swift */,
				C5B19F3529335AB900BAD35C /* ViewController+downloadable.swift */,
				C5678CB828D61F35001096BE /* Assets.xcassets */,
				C5678CBA28D61F35001096BE /* LaunchScreen.storyboard */,
				C5678CBD28D61F35001096BE /* Info.plist */,
			);
			path = EpubBookReader;
			sourceTree = "<group>";
		};
		C5F89F6629168616008144BA /* SkyEpub+Books+Samples */ = {
			isa = PBXGroup;
			children = (
				C51E9DF628F8415E00A972A6 /* Arabic_Book.epub */,
				C51E9DF528F8415D00A972A6 /* English_Book.epub */,
				C5F89F6729168616008144BA /* Alice.epub */,
				C5F89F6829168616008144BA /* Doctor.epub */,
			);
			path = "SkyEpub+Books+Samples";
			sourceTree = "<group>";
		};
		C5F89F742916A048008144BA /* Extra */ = {
			isa = PBXGroup;
			children = (
				C5F89F752916A055008144BA /* FileHelper.swift */,
				C5F89F772916A096008144BA /* Debugger.swift */,
			);
			path = Extra;
			sourceTree = "<group>";
		};
/* End PBXGroup section */

/* Begin PBXNativeTarget section */
		C5678CAB28D61F34001096BE /* EpubBookReader */ = {
			isa = PBXNativeTarget;
			buildConfigurationList = C5678CC028D61F35001096BE /* Build configuration list for PBXNativeTarget "EpubBookReader" */;
			buildPhases = (
				FEA4CD3CE4F4FF097593DA4C /* [CP] Check Pods Manifest.lock */,
				C5678CA828D61F34001096BE /* Sources */,
				C5678CA928D61F34001096BE /* Frameworks */,
				C5678CAA28D61F34001096BE /* Resources */,
				0347084B1D409793EBD6E9F3 /* [CP] Embed Pods Frameworks */,
			);
			buildRules = (
			);
			dependencies = (
			);
			name = EpubBookReader;
			packageProductDependencies = (
			);
			productName = EpubBookReader;
			productReference = C5678CAC28D61F34001096BE /* EpubBookReader.app */;
			productType = "com.apple.product-type.application";
		};
/* End PBXNativeTarget section */

/* Begin PBXProject section */
		C5678CA428D61F34001096BE /* Project object */ = {
			isa = PBXProject;
			attributes = {
				BuildIndependentTargetsInParallel = 1;
				LastSwiftUpdateCheck = 1340;
				LastUpgradeCheck = 1340;
				TargetAttributes = {
					C5678CAB28D61F34001096BE = {
						CreatedOnToolsVersion = 13.4.1;
					};
				};
			};
			buildConfigurationList = C5678CA728D61F34001096BE /* Build configuration list for PBXProject "EpubBookReader" */;
			compatibilityVersion = "Xcode 13.0";
			developmentRegion = en;
			hasScannedForEncodings = 0;
			knownRegions = (
				en,
				Base,
			);
			mainGroup = C5678CA328D61F34001096BE;
			packageReferences = (
			);
			productRefGroup = C5678CAD28D61F34001096BE /* Products */;
			projectDirPath = "";
			projectRoot = "";
			targets = (
				C5678CAB28D61F34001096BE /* EpubBookReader */,
			);
		};
/* End PBXProject section */

/* Begin PBXResourcesBuildPhase section */
		C5678CAA28D61F34001096BE /* Resources */ = {
			isa = PBXResourcesBuildPhase;
			buildActionMask = 2147483647;
			files = (
				C5F89F6A29168616008144BA /* Doctor.epub in Resources */,
				C5505E2729241F1B004C9D68 /* SkyEpubStoryboard.storyboard in Resources */,
				C5678CBC28D61F35001096BE /* LaunchScreen.storyboard in Resources */,
				C5505E0A29241F1B004C9D68 /* script.js in Resources */,
				C5505E0829241F1B004C9D68 /* scriptForFixed.js in Resources */,
				C5505E2A29241F1B004C9D68 /* uwch.ttf in Resources */,
				C51E9DF828F8416400A972A6 /* English_Book.epub in Resources */,
				C5F89F6929168616008144BA /* Alice.epub in Resources */,
				C5678CB928D61F35001096BE /* Assets.xcassets in Resources */,
				C5505E0929241F1B004C9D68 /* custom.css in Resources */,
				C51E9DF728F8416200A972A6 /* Arabic_Book.epub in Resources */,
				C5505E0B29241F1B004C9D68 /* Books.sql in Resources */,
				C51E9DFC28F8533B00A972A6 /* .gitignore in Resources */,
				C5678CB728D61F34001096BE /* Main.storyboard in Resources */,
				C5505E2B29241F1B004C9D68 /* Mayflower Antique.ttf in Resources */,
				C5505E1529241F1B004C9D68 /* SkyEpubSearchResultView.xib in Resources */,
			);
			runOnlyForDeploymentPostprocessing = 0;
		};
/* End PBXResourcesBuildPhase section */

/* Begin PBXShellScriptBuildPhase section */
		0347084B1D409793EBD6E9F3 /* [CP] Embed Pods Frameworks */ = {
			isa = PBXShellScriptBuildPhase;
			buildActionMask = 2147483647;
			files = (
			);
			inputFileListPaths = (
				"${PODS_ROOT}/Target Support Files/Pods-EpubBookReader/Pods-EpubBookReader-frameworks-${CONFIGURATION}-input-files.xcfilelist",
			);
			name = "[CP] Embed Pods Frameworks";
			outputFileListPaths = (
				"${PODS_ROOT}/Target Support Files/Pods-EpubBookReader/Pods-EpubBookReader-frameworks-${CONFIGURATION}-output-files.xcfilelist",
			);
			runOnlyForDeploymentPostprocessing = 0;
			shellPath = /bin/sh;
			shellScript = "\"${PODS_ROOT}/Target Support Files/Pods-EpubBookReader/Pods-EpubBookReader-frameworks.sh\"\n";
			showEnvVarsInLog = 0;
		};
		FEA4CD3CE4F4FF097593DA4C /* [CP] Check Pods Manifest.lock */ = {
			isa = PBXShellScriptBuildPhase;
			buildActionMask = 2147483647;
			files = (
			);
			inputFileListPaths = (
			);
			inputPaths = (
				"${PODS_PODFILE_DIR_PATH}/Podfile.lock",
				"${PODS_ROOT}/Manifest.lock",
			);
			name = "[CP] Check Pods Manifest.lock";
			outputFileListPaths = (
			);
			outputPaths = (
				"$(DERIVED_FILE_DIR)/Pods-EpubBookReader-checkManifestLockResult.txt",
			);
			runOnlyForDeploymentPostprocessing = 0;
			shellPath = /bin/sh;
			shellScript = "diff \"${PODS_PODFILE_DIR_PATH}/Podfile.lock\" \"${PODS_ROOT}/Manifest.lock\" > /dev/null\nif [ $? != 0 ] ; then\n    # print error to STDERR\n    echo \"error: The sandbox is not in sync with the Podfile.lock. Run 'pod install' or update your CocoaPods installation.\" >&2\n    exit 1\nfi\n# This output is used by Xcode 'outputs' to avoid re-running this script phase.\necho \"SUCCESS\" > \"${SCRIPT_OUTPUT_FILE_0}\"\n";
			showEnvVarsInLog = 0;
		};
/* End PBXShellScriptBuildPhase section */

/* Begin PBXSourcesBuildPhase section */
		C5678CA828D61F34001096BE /* Sources */ = {
			isa = PBXSourcesBuildPhase;
			buildActionMask = 2147483647;
			files = (
				C5505E0E29241F1B004C9D68 /* SkySearchResultType.swift in Sources */,
				C5F89F782916A096008144BA /* Debugger.swift in Sources */,
				C5505E2329241F1B004C9D68 /* SkyBookReaderViewController+Highlight.swift in Sources */,
				C5505E1729241F1B004C9D68 /* SkyEpubNotesTableViewCell.swift in Sources */,
				C5505E2629241F1B004C9D68 /* SkyBookReaderViewController+Theme.swift in Sources */,
				C5505E1129241F1B004C9D68 /* SkySlider.swift in Sources */,
				C5505E1929241F1B004C9D68 /* SkyEpubContentsTableViewCell.swift in Sources */,
				C5505E1D29241F1B004C9D68 /* SkyBookReaderViewController+SkyProviderDataSource.swift in Sources */,
				C5505E2129241F1B004C9D68 /* SkyBookReaderViewController+Bookmark.swift in Sources */,
				C5505DCB29241DBE004C9D68 /* FMDatabaseQueue.m in Sources */,
				C5678CB428D61F34001096BE /* ViewController.swift in Sources */,
				C5505DCD29241DBE004C9D68 /* FMDatabase.m in Sources */,
				C5C782F0291E41DB00341B07 /* SkyConfigurator.swift in Sources */,
				C5505DCE29241DBE004C9D68 /* FMDatabasePool.m in Sources */,
				C5505E1029241F1B004C9D68 /* UIButton+Extension+SkyEpub.swift in Sources */,
				C5505DCF29241DBE004C9D68 /* FMResultSet.m in Sources */,
				C5505E1C29241F1B004C9D68 /* SkyBookReaderViewController+LineSpacing.swift in Sources */,
				C5F89F762916A055008144BA /* FileHelper.swift in Sources */,
				C5505DCC29241DBE004C9D68 /* FMDatabaseAdditions.m in Sources */,
				C5505E2829241F1B004C9D68 /* SkyBookReaderViewController+MediaBox.swift in Sources */,
				C5505E1F29241F1B004C9D68 /* SkyBookReaderViewController.swift in Sources */,
				C5505E1E29241F1B004C9D68 /* SkyBookReaderViewController+ColorBox.swift in Sources */,
				C5505E2429241F1B004C9D68 /* SkyBookReaderViewController+UITableView.swift in Sources */,
				C5505E1A29241F1B004C9D68 /* SkyBookReaderViewController+SIBox.swift in Sources */,
				C5505E1B29241F1B004C9D68 /* SkyBookReaderViewController+ReflowableViewControllerDataSource.swift in Sources */,
				C5505E1329241F1B004C9D68 /* SkyBookReaderViewController+listBox.swift in Sources */,
				C5505E0F29241F1B004C9D68 /* SkyEpubArrowView.swift in Sources */,
				C5505E2029241F1B004C9D68 /* SkyBookReaderViewController+Note.swift in Sources */,
				C5505E0C29241F1B004C9D68 /* UIImage+Extension+SkyEpub.swift in Sources */,
				C5505E1629241F1B004C9D68 /* SkyEpubSearchResultView.swift in Sources */,
				C5505E1429241F1B004C9D68 /* SkyBookReaderViewController+Search.swift in Sources */,
				C5505E2229241F1B004C9D68 /* SkyBookReaderViewController+Fonts.swift in Sources */,
				5DFF739F29151A1F00112C27 /* SkyData.swift in Sources */,
				C5505E0D29241F1B004C9D68 /* UIColor+Extension+SkyEpub.swift in Sources */,
				C5505E1229241F1B004C9D68 /* SkyEpubTheme.swift in Sources */,
				C5505E2529241F1B004C9D68 /* SkyBookReaderViewController+UITextFieldDelegate.swift in Sources */,
				C5505E1829241F1B004C9D68 /* SkyEpubBookmarksTableViewCell.swift in Sources */,
				C5505E2929241F1B004C9D68 /* SkyBookReaderViewController+SkyError.swift in Sources */,
				5DFF73A129151A4900112C27 /* SkyEpubSetting.swift in Sources */,
				C5678CB028D61F34001096BE /* AppDelegate.swift in Sources */,
				C5B19F3629335AB900BAD35C /* ViewController+downloadable.swift in Sources */,
			);
			runOnlyForDeploymentPostprocessing = 0;
		};
/* End PBXSourcesBuildPhase section */

/* Begin PBXVariantGroup section */
		C5678CB528D61F34001096BE /* Main.storyboard */ = {
			isa = PBXVariantGroup;
			children = (
				C5678CB628D61F34001096BE /* Base */,
			);
			name = Main.storyboard;
			sourceTree = "<group>";
		};
		C5678CBA28D61F35001096BE /* LaunchScreen.storyboard */ = {
			isa = PBXVariantGroup;
			children = (
				C5678CBB28D61F35001096BE /* Base */,
			);
			name = LaunchScreen.storyboard;
			sourceTree = "<group>";
		};
/* End PBXVariantGroup section */

/* Begin XCBuildConfiguration section */
		C5678CBE28D61F35001096BE /* Debug */ = {
			isa = XCBuildConfiguration;
			buildSettings = {
				ALWAYS_SEARCH_USER_PATHS = NO;
				CLANG_ANALYZER_NONNULL = YES;
				CLANG_ANALYZER_NUMBER_OBJECT_CONVERSION = YES_AGGRESSIVE;
				CLANG_CXX_LANGUAGE_STANDARD = "gnu++17";
				CLANG_ENABLE_MODULES = YES;
				CLANG_ENABLE_OBJC_ARC = YES;
				CLANG_ENABLE_OBJC_WEAK = YES;
				CLANG_WARN_BLOCK_CAPTURE_AUTORELEASING = YES;
				CLANG_WARN_BOOL_CONVERSION = YES;
				CLANG_WARN_COMMA = YES;
				CLANG_WARN_CONSTANT_CONVERSION = YES;
				CLANG_WARN_DEPRECATED_OBJC_IMPLEMENTATIONS = YES;
				CLANG_WARN_DIRECT_OBJC_ISA_USAGE = YES_ERROR;
				CLANG_WARN_DOCUMENTATION_COMMENTS = YES;
				CLANG_WARN_EMPTY_BODY = YES;
				CLANG_WARN_ENUM_CONVERSION = YES;
				CLANG_WARN_INFINITE_RECURSION = YES;
				CLANG_WARN_INT_CONVERSION = YES;
				CLANG_WARN_NON_LITERAL_NULL_CONVERSION = YES;
				CLANG_WARN_OBJC_IMPLICIT_RETAIN_SELF = YES;
				CLANG_WARN_OBJC_LITERAL_CONVERSION = YES;
				CLANG_WARN_OBJC_ROOT_CLASS = YES_ERROR;
				CLANG_WARN_QUOTED_INCLUDE_IN_FRAMEWORK_HEADER = YES;
				CLANG_WARN_RANGE_LOOP_ANALYSIS = YES;
				CLANG_WARN_STRICT_PROTOTYPES = YES;
				CLANG_WARN_SUSPICIOUS_MOVE = YES;
				CLANG_WARN_UNGUARDED_AVAILABILITY = YES_AGGRESSIVE;
				CLANG_WARN_UNREACHABLE_CODE = YES;
				CLANG_WARN__DUPLICATE_METHOD_MATCH = YES;
				COPY_PHASE_STRIP = NO;
				DEBUG_INFORMATION_FORMAT = dwarf;
				ENABLE_STRICT_OBJC_MSGSEND = YES;
				ENABLE_TESTABILITY = YES;
				GCC_C_LANGUAGE_STANDARD = gnu11;
				GCC_DYNAMIC_NO_PIC = NO;
				GCC_NO_COMMON_BLOCKS = YES;
				GCC_OPTIMIZATION_LEVEL = 0;
				GCC_PREPROCESSOR_DEFINITIONS = (
					"DEBUG=1",
					"$(inherited)",
				);
				GCC_WARN_64_TO_32_BIT_CONVERSION = YES;
				GCC_WARN_ABOUT_RETURN_TYPE = YES_ERROR;
				GCC_WARN_UNDECLARED_SELECTOR = YES;
				GCC_WARN_UNINITIALIZED_AUTOS = YES_AGGRESSIVE;
				GCC_WARN_UNUSED_FUNCTION = YES;
				GCC_WARN_UNUSED_VARIABLE = YES;
				IPHONEOS_DEPLOYMENT_TARGET = 13.0;
				MTL_ENABLE_DEBUG_INFO = INCLUDE_SOURCE;
				MTL_FAST_MATH = YES;
				ONLY_ACTIVE_ARCH = YES;
				SDKROOT = iphoneos;
				SWIFT_ACTIVE_COMPILATION_CONDITIONS = DEBUG;
				SWIFT_OPTIMIZATION_LEVEL = "-Onone";
			};
			name = Debug;
		};
		C5678CBF28D61F35001096BE /* Release */ = {
			isa = XCBuildConfiguration;
			buildSettings = {
				ALWAYS_SEARCH_USER_PATHS = NO;
				CLANG_ANALYZER_NONNULL = YES;
				CLANG_ANALYZER_NUMBER_OBJECT_CONVERSION = YES_AGGRESSIVE;
				CLANG_CXX_LANGUAGE_STANDARD = "gnu++17";
				CLANG_ENABLE_MODULES = YES;
				CLANG_ENABLE_OBJC_ARC = YES;
				CLANG_ENABLE_OBJC_WEAK = YES;
				CLANG_WARN_BLOCK_CAPTURE_AUTORELEASING = YES;
				CLANG_WARN_BOOL_CONVERSION = YES;
				CLANG_WARN_COMMA = YES;
				CLANG_WARN_CONSTANT_CONVERSION = YES;
				CLANG_WARN_DEPRECATED_OBJC_IMPLEMENTATIONS = YES;
				CLANG_WARN_DIRECT_OBJC_ISA_USAGE = YES_ERROR;
				CLANG_WARN_DOCUMENTATION_COMMENTS = YES;
				CLANG_WARN_EMPTY_BODY = YES;
				CLANG_WARN_ENUM_CONVERSION = YES;
				CLANG_WARN_INFINITE_RECURSION = YES;
				CLANG_WARN_INT_CONVERSION = YES;
				CLANG_WARN_NON_LITERAL_NULL_CONVERSION = YES;
				CLANG_WARN_OBJC_IMPLICIT_RETAIN_SELF = YES;
				CLANG_WARN_OBJC_LITERAL_CONVERSION = YES;
				CLANG_WARN_OBJC_ROOT_CLASS = YES_ERROR;
				CLANG_WARN_QUOTED_INCLUDE_IN_FRAMEWORK_HEADER = YES;
				CLANG_WARN_RANGE_LOOP_ANALYSIS = YES;
				CLANG_WARN_STRICT_PROTOTYPES = YES;
				CLANG_WARN_SUSPICIOUS_MOVE = YES;
				CLANG_WARN_UNGUARDED_AVAILABILITY = YES_AGGRESSIVE;
				CLANG_WARN_UNREACHABLE_CODE = YES;
				CLANG_WARN__DUPLICATE_METHOD_MATCH = YES;
				COPY_PHASE_STRIP = NO;
				DEBUG_INFORMATION_FORMAT = "dwarf-with-dsym";
				ENABLE_NS_ASSERTIONS = NO;
				ENABLE_STRICT_OBJC_MSGSEND = YES;
				GCC_C_LANGUAGE_STANDARD = gnu11;
				GCC_NO_COMMON_BLOCKS = YES;
				GCC_WARN_64_TO_32_BIT_CONVERSION = YES;
				GCC_WARN_ABOUT_RETURN_TYPE = YES_ERROR;
				GCC_WARN_UNDECLARED_SELECTOR = YES;
				GCC_WARN_UNINITIALIZED_AUTOS = YES_AGGRESSIVE;
				GCC_WARN_UNUSED_FUNCTION = YES;
				GCC_WARN_UNUSED_VARIABLE = YES;
				IPHONEOS_DEPLOYMENT_TARGET = 13.0;
				MTL_ENABLE_DEBUG_INFO = NO;
				MTL_FAST_MATH = YES;
				SDKROOT = iphoneos;
				SWIFT_COMPILATION_MODE = wholemodule;
				SWIFT_OPTIMIZATION_LEVEL = "-O";
				VALIDATE_PRODUCT = YES;
			};
			name = Release;
		};
		C5678CC128D61F35001096BE /* Debug */ = {
			isa = XCBuildConfiguration;
			baseConfigurationReference = A2FC3C88A5D1A1E5BE341FB5 /* Pods-EpubBookReader.debug.xcconfig */;
			buildSettings = {
				ASSETCATALOG_COMPILER_APPICON_NAME = AppIcon;
				ASSETCATALOG_COMPILER_GLOBAL_ACCENT_COLOR_NAME = AccentColor;
				CODE_SIGN_IDENTITY = "Apple Development";
				CODE_SIGN_STYLE = Automatic;
				CURRENT_PROJECT_VERSION = 1;
				DEVELOPMENT_TEAM = F6M3JLX3CY;
				GENERATE_INFOPLIST_FILE = YES;
				INFOPLIST_FILE = EpubBookReader/Info.plist;
				INFOPLIST_KEY_UIApplicationSupportsIndirectInputEvents = YES;
				INFOPLIST_KEY_UILaunchStoryboardName = LaunchScreen;
				INFOPLIST_KEY_UIMainStoryboardFile = Main;
				INFOPLIST_KEY_UISupportedInterfaceOrientations = UIInterfaceOrientationPortrait;
				INFOPLIST_KEY_UISupportedInterfaceOrientations_iPad = "UIInterfaceOrientationLandscapeLeft UIInterfaceOrientationLandscapeRight UIInterfaceOrientationPortrait UIInterfaceOrientationPortraitUpsideDown";
				IPHONEOS_DEPLOYMENT_TARGET = 13.0;
				LD_RUNPATH_SEARCH_PATHS = (
					"$(inherited)",
					"@executable_path/Frameworks",
				);
				LIBRARY_SEARCH_PATHS = (
					"$(inherited)",
					"$(PROJECT_DIR)/SkyEpubSDK",
					"$(PROJECT_DIR)/SkyEpubSDK/SkyEpub",
				);
				MARKETING_VERSION = 1.0;
				PRODUCT_BUNDLE_IDENTIFIER = com.adkatech.bookJuice.live;
				PRODUCT_NAME = "$(TARGET_NAME)";
				PROVISIONING_PROFILE_SPECIFIER = "";
				SWIFT_EMIT_LOC_STRINGS = YES;
				SWIFT_OBJC_BRIDGING_HEADER = "$(PROJECT_DIR)/Bridging-Header.h";
				SWIFT_VERSION = 5.0;
				TARGETED_DEVICE_FAMILY = "1,2";
			};
			name = Debug;
		};
		C5678CC228D61F35001096BE /* Release */ = {
			isa = XCBuildConfiguration;
			baseConfigurationReference = DCA771F555BBD0B9CBA5FC8B /* Pods-EpubBookReader.release.xcconfig */;
			buildSettings = {
				ASSETCATALOG_COMPILER_APPICON_NAME = AppIcon;
				ASSETCATALOG_COMPILER_GLOBAL_ACCENT_COLOR_NAME = AccentColor;
				CODE_SIGN_IDENTITY = "Apple Development";
				CODE_SIGN_STYLE = Automatic;
				CURRENT_PROJECT_VERSION = 1;
				DEVELOPMENT_TEAM = F6M3JLX3CY;
				GENERATE_INFOPLIST_FILE = YES;
				INFOPLIST_FILE = EpubBookReader/Info.plist;
				INFOPLIST_KEY_UIApplicationSupportsIndirectInputEvents = YES;
				INFOPLIST_KEY_UILaunchStoryboardName = LaunchScreen;
				INFOPLIST_KEY_UIMainStoryboardFile = Main;
				INFOPLIST_KEY_UISupportedInterfaceOrientations = UIInterfaceOrientationPortrait;
				INFOPLIST_KEY_UISupportedInterfaceOrientations_iPad = "UIInterfaceOrientationLandscapeLeft UIInterfaceOrientationLandscapeRight UIInterfaceOrientationPortrait UIInterfaceOrientationPortraitUpsideDown";
				IPHONEOS_DEPLOYMENT_TARGET = 13.0;
				LD_RUNPATH_SEARCH_PATHS = (
					"$(inherited)",
					"@executable_path/Frameworks",
				);
				LIBRARY_SEARCH_PATHS = (
					"$(inherited)",
					"$(PROJECT_DIR)/SkyEpubSDK",
					"$(PROJECT_DIR)/SkyEpubSDK/SkyEpub",
				);
				MARKETING_VERSION = 1.0;
				PRODUCT_BUNDLE_IDENTIFIER = com.adkatech.bookJuice.live;
				PRODUCT_NAME = "$(TARGET_NAME)";
				PROVISIONING_PROFILE_SPECIFIER = "";
				SWIFT_EMIT_LOC_STRINGS = YES;
				SWIFT_OBJC_BRIDGING_HEADER = "$(PROJECT_DIR)/Bridging-Header.h";
				SWIFT_VERSION = 5.0;
				TARGETED_DEVICE_FAMILY = "1,2";
			};
			name = Release;
		};
/* End XCBuildConfiguration section */

/* Begin XCConfigurationList section */
		C5678CA728D61F34001096BE /* Build configuration list for PBXProject "EpubBookReader" */ = {
			isa = XCConfigurationList;
			buildConfigurations = (
				C5678CBE28D61F35001096BE /* Debug */,
				C5678CBF28D61F35001096BE /* Release */,
			);
			defaultConfigurationIsVisible = 0;
			defaultConfigurationName = Debug;
		};
		C5678CC028D61F35001096BE /* Build configuration list for PBXNativeTarget "EpubBookReader" */ = {
			isa = XCConfigurationList;
			buildConfigurations = (
				C5678CC128D61F35001096BE /* Debug */,
				C5678CC228D61F35001096BE /* Release */,
			);
			defaultConfigurationIsVisible = 0;
			defaultConfigurationName = Debug;
		};
/* End XCConfigurationList section */
	};
	rootObject = C5678CA428D61F34001096BE /* Project object */;
}
