// !$*UTF8*$!
{
	archiveVersion = 1;
	classes = {
	};
	objectVersion = 55;
	objects = {

/* Begin PBXBuildFile section */
		5201F4663449A602073007AA /* Pods_EpubBookReader.framework in Frameworks */ = {isa = PBXBuildFile; fileRef = 8670F98AD48F35C40967A51C /* Pods_EpubBookReader.framework */; };
		5DFF739F29151A1F00112C27 /* SkyData.swift in Sources */ = {isa = PBXBuildFile; fileRef = 5DFF739E29151A1F00112C27 /* SkyData.swift */; };
		5DFF73A129151A4900112C27 /* Setting.swift in Sources */ = {isa = PBXBuildFile; fileRef = 5DFF73A029151A4900112C27 /* Setting.swift */; };
		5DFF73AE29151A7B00112C27 /* FMDatabaseQueue.m in Sources */ = {isa = PBXBuildFile; fileRef = 5DFF73A429151A7B00112C27 /* FMDatabaseQueue.m */; };
		5DFF73AF29151A7B00112C27 /* FMDatabaseAdditions.m in Sources */ = {isa = PBXBuildFile; fileRef = 5DFF73A729151A7B00112C27 /* FMDatabaseAdditions.m */; };
		5DFF73B029151A7B00112C27 /* FMDatabase.m in Sources */ = {isa = PBXBuildFile; fileRef = 5DFF73A829151A7B00112C27 /* FMDatabase.m */; };
		5DFF73B129151A7B00112C27 /* FMDatabasePool.m in Sources */ = {isa = PBXBuildFile; fileRef = 5DFF73AC29151A7B00112C27 /* FMDatabasePool.m */; };
		5DFF73B229151A7B00112C27 /* FMResultSet.m in Sources */ = {isa = PBXBuildFile; fileRef = 5DFF73AD29151A7B00112C27 /* FMResultSet.m */; };
		5DFF73B529151B4A00112C27 /* SearchResultView.swift in Sources */ = {isa = PBXBuildFile; fileRef = 5DFF73B329151B4A00112C27 /* SearchResultView.swift */; };
		5DFF73B629151B4A00112C27 /* SearchResultView.xib in Resources */ = {isa = PBXBuildFile; fileRef = 5DFF73B429151B4A00112C27 /* SearchResultView.xib */; };
		5DFF73B829151BB600112C27 /* ContentsTableViewCell.swift in Sources */ = {isa = PBXBuildFile; fileRef = 5DFF73B729151BB600112C27 /* ContentsTableViewCell.swift */; };
		5DFF73BA29151BD400112C27 /* NotesTableViewCell.swift in Sources */ = {isa = PBXBuildFile; fileRef = 5DFF73B929151BD400112C27 /* NotesTableViewCell.swift */; };
		5DFF73BC29151BE800112C27 /* BookmarksTableViewCell.swift in Sources */ = {isa = PBXBuildFile; fileRef = 5DFF73BB29151BE800112C27 /* BookmarksTableViewCell.swift */; };
		C51E9DF728F8416200A972A6 /* Arabic_Book.epub in Resources */ = {isa = PBXBuildFile; fileRef = C51E9DF628F8415E00A972A6 /* Arabic_Book.epub */; };
		C51E9DF828F8416400A972A6 /* English_Book.epub in Resources */ = {isa = PBXBuildFile; fileRef = C51E9DF528F8415D00A972A6 /* English_Book.epub */; };
		C51E9DFC28F8533B00A972A6 /* .gitignore in Resources */ = {isa = PBXBuildFile; fileRef = C51E9DFB28F8533B00A972A6 /* .gitignore */; };
		C5678CB028D61F34001096BE /* AppDelegate.swift in Sources */ = {isa = PBXBuildFile; fileRef = C5678CAF28D61F34001096BE /* AppDelegate.swift */; };
		C5678CB428D61F34001096BE /* ViewController.swift in Sources */ = {isa = PBXBuildFile; fileRef = C5678CB328D61F34001096BE /* ViewController.swift */; };
		C5678CB728D61F34001096BE /* Main.storyboard in Resources */ = {isa = PBXBuildFile; fileRef = C5678CB528D61F34001096BE /* Main.storyboard */; };
		C5678CB928D61F35001096BE /* Assets.xcassets in Resources */ = {isa = PBXBuildFile; fileRef = C5678CB828D61F35001096BE /* Assets.xcassets */; };
		C5678CBC28D61F35001096BE /* LaunchScreen.storyboard in Resources */ = {isa = PBXBuildFile; fileRef = C5678CBA28D61F35001096BE /* LaunchScreen.storyboard */; };
		C592002529163C8C001A8879 /* BookReaderStoryboard.storyboard in Resources */ = {isa = PBXBuildFile; fileRef = C592002429163C8C001A8879 /* BookReaderStoryboard.storyboard */; };
		C592004E29165C5E001A8879 /* scriptForFixed.js in Resources */ = {isa = PBXBuildFile; fileRef = C592004A29165C5E001A8879 /* scriptForFixed.js */; };
		C592004F29165C5E001A8879 /* custom.css in Resources */ = {isa = PBXBuildFile; fileRef = C592004B29165C5E001A8879 /* custom.css */; };
		C592005029165C5E001A8879 /* script.js in Resources */ = {isa = PBXBuildFile; fileRef = C592004C29165C5E001A8879 /* script.js */; };
		C592005129165C5E001A8879 /* Books.sql in Resources */ = {isa = PBXBuildFile; fileRef = C592004D29165C5E001A8879 /* Books.sql */; };
		C592005529165C91001A8879 /* uwch.ttf in Resources */ = {isa = PBXBuildFile; fileRef = C592005329165C91001A8879 /* uwch.ttf */; };
		C592005629165C91001A8879 /* Mayflower Antique.ttf in Resources */ = {isa = PBXBuildFile; fileRef = C592005429165C91001A8879 /* Mayflower Antique.ttf */; };
		C5BC7CCF2913039800950F23 /* libskyepub.a in Frameworks */ = {isa = PBXBuildFile; fileRef = C5BC7CC82913039800950F23 /* libskyepub.a */; };
		C5BC7CDC29149A5A00950F23 /* BookViewController.swift in Sources */ = {isa = PBXBuildFile; fileRef = C5BC7CDB29149A5A00950F23 /* BookViewController.swift */; };
		C5F89F582916731F008144BA /* ArrowView.swift in Sources */ = {isa = PBXBuildFile; fileRef = C5F89F572916731F008144BA /* ArrowView.swift */; };
		C5F89F5A2916735A008144BA /* UIImage+Extension+SkyEpub.swift in Sources */ = {isa = PBXBuildFile; fileRef = C5F89F592916735A008144BA /* UIImage+Extension+SkyEpub.swift */; };
		C5F89F5C2916737A008144BA /* UIButton+Extension+SkyEpub.swift in Sources */ = {isa = PBXBuildFile; fileRef = C5F89F5B2916737A008144BA /* UIButton+Extension+SkyEpub.swift */; };
		C5F89F5E2916739B008144BA /* UIColor+Extension+SkyEpub.swift in Sources */ = {isa = PBXBuildFile; fileRef = C5F89F5D2916739B008144BA /* UIColor+Extension+SkyEpub.swift */; };
		C5F89F60291673B6008144BA /* SkySlider.swift in Sources */ = {isa = PBXBuildFile; fileRef = C5F89F5F291673B6008144BA /* SkySlider.swift */; };
		C5F89F62291673CF008144BA /* SearchResultType.swift in Sources */ = {isa = PBXBuildFile; fileRef = C5F89F61291673CF008144BA /* SearchResultType.swift */; };
		C5F89F6429167424008144BA /* SkyEpubTheme.swift in Sources */ = {isa = PBXBuildFile; fileRef = C5F89F6329167424008144BA /* SkyEpubTheme.swift */; };
		C5F89F6929168616008144BA /* Alice.epub in Resources */ = {isa = PBXBuildFile; fileRef = C5F89F6729168616008144BA /* Alice.epub */; };
		C5F89F6A29168616008144BA /* Doctor.epub in Resources */ = {isa = PBXBuildFile; fileRef = C5F89F6829168616008144BA /* Doctor.epub */; };
/* End PBXBuildFile section */

/* Begin PBXFileReference section */
		5DFF739E29151A1F00112C27 /* SkyData.swift */ = {isa = PBXFileReference; fileEncoding = 4; lastKnownFileType = sourcecode.swift; path = SkyData.swift; sourceTree = "<group>"; };
		5DFF73A029151A4900112C27 /* Setting.swift */ = {isa = PBXFileReference; fileEncoding = 4; lastKnownFileType = sourcecode.swift; path = Setting.swift; sourceTree = "<group>"; };
		5DFF73A329151A7B00112C27 /* FMDatabase.h */ = {isa = PBXFileReference; fileEncoding = 4; lastKnownFileType = sourcecode.c.h; path = FMDatabase.h; sourceTree = "<group>"; };
		5DFF73A429151A7B00112C27 /* FMDatabaseQueue.m */ = {isa = PBXFileReference; fileEncoding = 4; lastKnownFileType = sourcecode.c.objc; path = FMDatabaseQueue.m; sourceTree = "<group>"; };
		5DFF73A529151A7B00112C27 /* FMResultSet.h */ = {isa = PBXFileReference; fileEncoding = 4; lastKnownFileType = sourcecode.c.h; path = FMResultSet.h; sourceTree = "<group>"; };
		5DFF73A629151A7B00112C27 /* FMDatabasePool.h */ = {isa = PBXFileReference; fileEncoding = 4; lastKnownFileType = sourcecode.c.h; path = FMDatabasePool.h; sourceTree = "<group>"; };
		5DFF73A729151A7B00112C27 /* FMDatabaseAdditions.m */ = {isa = PBXFileReference; fileEncoding = 4; lastKnownFileType = sourcecode.c.objc; path = FMDatabaseAdditions.m; sourceTree = "<group>"; };
		5DFF73A829151A7B00112C27 /* FMDatabase.m */ = {isa = PBXFileReference; fileEncoding = 4; lastKnownFileType = sourcecode.c.objc; path = FMDatabase.m; sourceTree = "<group>"; };
		5DFF73A929151A7B00112C27 /* FMDatabaseQueue.h */ = {isa = PBXFileReference; fileEncoding = 4; lastKnownFileType = sourcecode.c.h; path = FMDatabaseQueue.h; sourceTree = "<group>"; };
		5DFF73AA29151A7B00112C27 /* FMDB.h */ = {isa = PBXFileReference; fileEncoding = 4; lastKnownFileType = sourcecode.c.h; path = FMDB.h; sourceTree = "<group>"; };
		5DFF73AB29151A7B00112C27 /* FMDatabaseAdditions.h */ = {isa = PBXFileReference; fileEncoding = 4; lastKnownFileType = sourcecode.c.h; path = FMDatabaseAdditions.h; sourceTree = "<group>"; };
		5DFF73AC29151A7B00112C27 /* FMDatabasePool.m */ = {isa = PBXFileReference; fileEncoding = 4; lastKnownFileType = sourcecode.c.objc; path = FMDatabasePool.m; sourceTree = "<group>"; };
		5DFF73AD29151A7B00112C27 /* FMResultSet.m */ = {isa = PBXFileReference; fileEncoding = 4; lastKnownFileType = sourcecode.c.objc; path = FMResultSet.m; sourceTree = "<group>"; };
		5DFF73B329151B4A00112C27 /* SearchResultView.swift */ = {isa = PBXFileReference; fileEncoding = 4; lastKnownFileType = sourcecode.swift; path = SearchResultView.swift; sourceTree = "<group>"; };
		5DFF73B429151B4A00112C27 /* SearchResultView.xib */ = {isa = PBXFileReference; fileEncoding = 4; lastKnownFileType = file.xib; path = SearchResultView.xib; sourceTree = "<group>"; };
		5DFF73B729151BB600112C27 /* ContentsTableViewCell.swift */ = {isa = PBXFileReference; fileEncoding = 4; lastKnownFileType = sourcecode.swift; path = ContentsTableViewCell.swift; sourceTree = "<group>"; };
		5DFF73B929151BD400112C27 /* NotesTableViewCell.swift */ = {isa = PBXFileReference; fileEncoding = 4; lastKnownFileType = sourcecode.swift; path = NotesTableViewCell.swift; sourceTree = "<group>"; };
		5DFF73BB29151BE800112C27 /* BookmarksTableViewCell.swift */ = {isa = PBXFileReference; fileEncoding = 4; lastKnownFileType = sourcecode.swift; path = BookmarksTableViewCell.swift; sourceTree = "<group>"; };
		8670F98AD48F35C40967A51C /* Pods_EpubBookReader.framework */ = {isa = PBXFileReference; explicitFileType = wrapper.framework; includeInIndex = 0; path = Pods_EpubBookReader.framework; sourceTree = BUILT_PRODUCTS_DIR; };
		A2FC3C88A5D1A1E5BE341FB5 /* Pods-EpubBookReader.debug.xcconfig */ = {isa = PBXFileReference; includeInIndex = 1; lastKnownFileType = text.xcconfig; name = "Pods-EpubBookReader.debug.xcconfig"; path = "Target Support Files/Pods-EpubBookReader/Pods-EpubBookReader.debug.xcconfig"; sourceTree = "<group>"; };
		C51E9DF528F8415D00A972A6 /* English_Book.epub */ = {isa = PBXFileReference; lastKnownFileType = file; path = English_Book.epub; sourceTree = "<group>"; };
		C51E9DF628F8415E00A972A6 /* Arabic_Book.epub */ = {isa = PBXFileReference; lastKnownFileType = file; path = Arabic_Book.epub; sourceTree = "<group>"; };
		C51E9DFB28F8533B00A972A6 /* .gitignore */ = {isa = PBXFileReference; fileEncoding = 4; lastKnownFileType = text; path = .gitignore; sourceTree = "<group>"; };
		C5678CAC28D61F34001096BE /* EpubBookReader.app */ = {isa = PBXFileReference; explicitFileType = wrapper.application; includeInIndex = 0; path = EpubBookReader.app; sourceTree = BUILT_PRODUCTS_DIR; };
		C5678CAF28D61F34001096BE /* AppDelegate.swift */ = {isa = PBXFileReference; lastKnownFileType = sourcecode.swift; path = AppDelegate.swift; sourceTree = "<group>"; };
		C5678CB328D61F34001096BE /* ViewController.swift */ = {isa = PBXFileReference; lastKnownFileType = sourcecode.swift; path = ViewController.swift; sourceTree = "<group>"; };
		C5678CB628D61F34001096BE /* Base */ = {isa = PBXFileReference; lastKnownFileType = file.storyboard; name = Base; path = Base.lproj/Main.storyboard; sourceTree = "<group>"; };
		C5678CB828D61F35001096BE /* Assets.xcassets */ = {isa = PBXFileReference; lastKnownFileType = folder.assetcatalog; path = Assets.xcassets; sourceTree = "<group>"; };
		C5678CBB28D61F35001096BE /* Base */ = {isa = PBXFileReference; lastKnownFileType = file.storyboard; name = Base; path = Base.lproj/LaunchScreen.storyboard; sourceTree = "<group>"; };
		C5678CBD28D61F35001096BE /* Info.plist */ = {isa = PBXFileReference; lastKnownFileType = text.plist.xml; path = Info.plist; sourceTree = "<group>"; };
		C592002429163C8C001A8879 /* BookReaderStoryboard.storyboard */ = {isa = PBXFileReference; fileEncoding = 4; lastKnownFileType = file.storyboard; path = BookReaderStoryboard.storyboard; sourceTree = "<group>"; };
		C592004A29165C5E001A8879 /* scriptForFixed.js */ = {isa = PBXFileReference; fileEncoding = 4; lastKnownFileType = sourcecode.javascript; path = scriptForFixed.js; sourceTree = "<group>"; };
		C592004B29165C5E001A8879 /* custom.css */ = {isa = PBXFileReference; fileEncoding = 4; lastKnownFileType = text.css; path = custom.css; sourceTree = "<group>"; };
		C592004C29165C5E001A8879 /* script.js */ = {isa = PBXFileReference; fileEncoding = 4; lastKnownFileType = sourcecode.javascript; path = script.js; sourceTree = "<group>"; };
		C592004D29165C5E001A8879 /* Books.sql */ = {isa = PBXFileReference; fileEncoding = 4; lastKnownFileType = text; path = Books.sql; sourceTree = "<group>"; };
		C592005329165C91001A8879 /* uwch.ttf */ = {isa = PBXFileReference; lastKnownFileType = file; path = uwch.ttf; sourceTree = "<group>"; };
		C592005429165C91001A8879 /* Mayflower Antique.ttf */ = {isa = PBXFileReference; lastKnownFileType = file; path = "Mayflower Antique.ttf"; sourceTree = "<group>"; };
		C5BC7CC22913039800950F23 /* Book.h */ = {isa = PBXFileReference; fileEncoding = 4; lastKnownFileType = sourcecode.c.h; path = Book.h; sourceTree = "<group>"; };
		C5BC7CC32913039800950F23 /* SkyDRMControl.h */ = {isa = PBXFileReference; fileEncoding = 4; lastKnownFileType = sourcecode.c.h; path = SkyDRMControl.h; sourceTree = "<group>"; };
		C5BC7CC42913039800950F23 /* Highlight.h */ = {isa = PBXFileReference; fileEncoding = 4; lastKnownFileType = sourcecode.c.h; path = Highlight.h; sourceTree = "<group>"; };
		C5BC7CC52913039800950F23 /* SkyEpub.h */ = {isa = PBXFileReference; fileEncoding = 4; lastKnownFileType = sourcecode.c.h; path = SkyEpub.h; sourceTree = "<group>"; };
		C5BC7CC62913039800950F23 /* SearchResult.h */ = {isa = PBXFileReference; fileEncoding = 4; lastKnownFileType = sourcecode.c.h; path = SearchResult.h; sourceTree = "<group>"; };
		C5BC7CC72913039800950F23 /* BookInformation.h */ = {isa = PBXFileReference; fileEncoding = 4; lastKnownFileType = sourcecode.c.h; path = BookInformation.h; sourceTree = "<group>"; };
		C5BC7CC82913039800950F23 /* libskyepub.a */ = {isa = PBXFileReference; lastKnownFileType = archive.ar; path = libskyepub.a; sourceTree = "<group>"; };
		C5BC7CC92913039800950F23 /* ContentProvider.h */ = {isa = PBXFileReference; fileEncoding = 4; lastKnownFileType = sourcecode.c.h; path = ContentProvider.h; sourceTree = "<group>"; };
		C5BC7CCA2913039800950F23 /* SpeechSynthesizer.h */ = {isa = PBXFileReference; fileEncoding = 4; lastKnownFileType = sourcecode.c.h; path = SpeechSynthesizer.h; sourceTree = "<group>"; };
		C5BC7CCB2913039800950F23 /* ReflowableViewController.h */ = {isa = PBXFileReference; fileEncoding = 4; lastKnownFileType = sourcecode.c.h; path = ReflowableViewController.h; sourceTree = "<group>"; };
		C5BC7CCC2913039800950F23 /* SkyProvider.h */ = {isa = PBXFileReference; fileEncoding = 4; lastKnownFileType = sourcecode.c.h; path = SkyProvider.h; sourceTree = "<group>"; };
		C5BC7CCD2913039800950F23 /* SkyKeyManager.h */ = {isa = PBXFileReference; fileEncoding = 4; lastKnownFileType = sourcecode.c.h; path = SkyKeyManager.h; sourceTree = "<group>"; };
		C5BC7CCE2913039800950F23 /* FixedViewController.h */ = {isa = PBXFileReference; fileEncoding = 4; lastKnownFileType = sourcecode.c.h; path = FixedViewController.h; sourceTree = "<group>"; };
		C5BC7CD02913047B00950F23 /* Bridge.h */ = {isa = PBXFileReference; fileEncoding = 4; lastKnownFileType = sourcecode.c.h; path = Bridge.h; sourceTree = "<group>"; };
		C5BC7CDB29149A5A00950F23 /* BookViewController.swift */ = {isa = PBXFileReference; fileEncoding = 4; lastKnownFileType = sourcecode.swift; path = BookViewController.swift; sourceTree = "<group>"; };
		C5F89F572916731F008144BA /* ArrowView.swift */ = {isa = PBXFileReference; lastKnownFileType = sourcecode.swift; path = ArrowView.swift; sourceTree = "<group>"; };
		C5F89F592916735A008144BA /* UIImage+Extension+SkyEpub.swift */ = {isa = PBXFileReference; lastKnownFileType = sourcecode.swift; path = "UIImage+Extension+SkyEpub.swift"; sourceTree = "<group>"; };
		C5F89F5B2916737A008144BA /* UIButton+Extension+SkyEpub.swift */ = {isa = PBXFileReference; lastKnownFileType = sourcecode.swift; path = "UIButton+Extension+SkyEpub.swift"; sourceTree = "<group>"; };
		C5F89F5D2916739B008144BA /* UIColor+Extension+SkyEpub.swift */ = {isa = PBXFileReference; lastKnownFileType = sourcecode.swift; path = "UIColor+Extension+SkyEpub.swift"; sourceTree = "<group>"; };
		C5F89F5F291673B6008144BA /* SkySlider.swift */ = {isa = PBXFileReference; lastKnownFileType = sourcecode.swift; path = SkySlider.swift; sourceTree = "<group>"; };
		C5F89F61291673CF008144BA /* SearchResultType.swift */ = {isa = PBXFileReference; lastKnownFileType = sourcecode.swift; path = SearchResultType.swift; sourceTree = "<group>"; };
		C5F89F6329167424008144BA /* SkyEpubTheme.swift */ = {isa = PBXFileReference; lastKnownFileType = sourcecode.swift; path = SkyEpubTheme.swift; sourceTree = "<group>"; };
		C5F89F6729168616008144BA /* Alice.epub */ = {isa = PBXFileReference; lastKnownFileType = file; path = Alice.epub; sourceTree = "<group>"; };
		C5F89F6829168616008144BA /* Doctor.epub */ = {isa = PBXFileReference; lastKnownFileType = file; path = Doctor.epub; sourceTree = "<group>"; };
		DCA771F555BBD0B9CBA5FC8B /* Pods-EpubBookReader.release.xcconfig */ = {isa = PBXFileReference; includeInIndex = 1; lastKnownFileType = text.xcconfig; name = "Pods-EpubBookReader.release.xcconfig"; path = "Target Support Files/Pods-EpubBookReader/Pods-EpubBookReader.release.xcconfig"; sourceTree = "<group>"; };
/* End PBXFileReference section */

/* Begin PBXFrameworksBuildPhase section */
		C5678CA928D61F34001096BE /* Frameworks */ = {
			isa = PBXFrameworksBuildPhase;
			buildActionMask = 2147483647;
			files = (
				5201F4663449A602073007AA /* Pods_EpubBookReader.framework in Frameworks */,
				C5BC7CCF2913039800950F23 /* libskyepub.a in Frameworks */,
			);
			runOnlyForDeploymentPostprocessing = 0;
		};
/* End PBXFrameworksBuildPhase section */

/* Begin PBXGroup section */
		014F8107492AE50E66B61A81 /* Frameworks */ = {
			isa = PBXGroup;
			children = (
				8670F98AD48F35C40967A51C /* Pods_EpubBookReader.framework */,
			);
			name = Frameworks;
			sourceTree = "<group>";
		};
		5AE0911A1AA993142F5B458E /* Pods */ = {
			isa = PBXGroup;
			children = (
				A2FC3C88A5D1A1E5BE341FB5 /* Pods-EpubBookReader.debug.xcconfig */,
				DCA771F555BBD0B9CBA5FC8B /* Pods-EpubBookReader.release.xcconfig */,
			);
			path = Pods;
			sourceTree = "<group>";
		};
		5DFF739D291519FE00112C27 /* SkyEpubExtension */ = {
			isa = PBXGroup;
			children = (
				5DFF739E29151A1F00112C27 /* SkyData.swift */,
				5DFF73A029151A4900112C27 /* Setting.swift */,
				C5F89F6629168616008144BA /* Samples */,
				C5F89F652916745F008144BA /* BookViewReader */,
				C5F89F56291672F0008144BA /* UIViewHelpers */,
				C592004929165C5E001A8879 /* Scripts */,
				C592005229165C91001A8879 /* Fonts */,
				5DFF73A229151A7B00112C27 /* fmdb */,
			);
			path = SkyEpubExtension;
			sourceTree = "<group>";
		};
		5DFF73A229151A7B00112C27 /* fmdb */ = {
			isa = PBXGroup;
			children = (
				5DFF73A329151A7B00112C27 /* FMDatabase.h */,
				5DFF73A429151A7B00112C27 /* FMDatabaseQueue.m */,
				5DFF73A529151A7B00112C27 /* FMResultSet.h */,
				5DFF73A629151A7B00112C27 /* FMDatabasePool.h */,
				5DFF73A729151A7B00112C27 /* FMDatabaseAdditions.m */,
				5DFF73A829151A7B00112C27 /* FMDatabase.m */,
				5DFF73A929151A7B00112C27 /* FMDatabaseQueue.h */,
				5DFF73AA29151A7B00112C27 /* FMDB.h */,
				5DFF73AB29151A7B00112C27 /* FMDatabaseAdditions.h */,
				5DFF73AC29151A7B00112C27 /* FMDatabasePool.m */,
				5DFF73AD29151A7B00112C27 /* FMResultSet.m */,
			);
			path = fmdb;
			sourceTree = "<group>";
		};
		C5678CA328D61F34001096BE = {
			isa = PBXGroup;
			children = (
				C51E9DFB28F8533B00A972A6 /* .gitignore */,
				C5BC7CD02913047B00950F23 /* Bridge.h */,
				C5BC7CC12913039800950F23 /* SkyEpub */,
				5DFF739D291519FE00112C27 /* SkyEpubExtension */,
				C5678CAE28D61F34001096BE /* EpubBookReader */,
				C5678CAD28D61F34001096BE /* Products */,
				5AE0911A1AA993142F5B458E /* Pods */,
				014F8107492AE50E66B61A81 /* Frameworks */,
			);
			sourceTree = "<group>";
		};
		C5678CAD28D61F34001096BE /* Products */ = {
			isa = PBXGroup;
			children = (
				C5678CAC28D61F34001096BE /* EpubBookReader.app */,
			);
			name = Products;
			sourceTree = "<group>";
		};
		C5678CAE28D61F34001096BE /* EpubBookReader */ = {
			isa = PBXGroup;
			children = (
				C5678CAF28D61F34001096BE /* AppDelegate.swift */,
				C5678CB528D61F34001096BE /* Main.storyboard */,
				C5678CB328D61F34001096BE /* ViewController.swift */,
				C5678CB828D61F35001096BE /* Assets.xcassets */,
				C5678CBA28D61F35001096BE /* LaunchScreen.storyboard */,
				C5678CBD28D61F35001096BE /* Info.plist */,
			);
			path = EpubBookReader;
			sourceTree = "<group>";
		};
		C592004929165C5E001A8879 /* Scripts */ = {
			isa = PBXGroup;
			children = (
				C592004A29165C5E001A8879 /* scriptForFixed.js */,
				C592004B29165C5E001A8879 /* custom.css */,
				C592004C29165C5E001A8879 /* script.js */,
				C592004D29165C5E001A8879 /* Books.sql */,
			);
			path = Scripts;
			sourceTree = "<group>";
		};
		C592005229165C91001A8879 /* Fonts */ = {
			isa = PBXGroup;
			children = (
				C592005329165C91001A8879 /* uwch.ttf */,
				C592005429165C91001A8879 /* Mayflower Antique.ttf */,
			);
			path = Fonts;
			sourceTree = "<group>";
		};
		C5BC7CC12913039800950F23 /* SkyEpub */ = {
			isa = PBXGroup;
			children = (
				C5BC7CC82913039800950F23 /* libskyepub.a */,
				C5BC7CC22913039800950F23 /* Book.h */,
				C5BC7CC32913039800950F23 /* SkyDRMControl.h */,
				C5BC7CC42913039800950F23 /* Highlight.h */,
				C5BC7CC52913039800950F23 /* SkyEpub.h */,
				C5BC7CC62913039800950F23 /* SearchResult.h */,
				C5BC7CC72913039800950F23 /* BookInformation.h */,
				C5BC7CC92913039800950F23 /* ContentProvider.h */,
				C5BC7CCA2913039800950F23 /* SpeechSynthesizer.h */,
				C5BC7CCB2913039800950F23 /* ReflowableViewController.h */,
				C5BC7CCC2913039800950F23 /* SkyProvider.h */,
				C5BC7CCD2913039800950F23 /* SkyKeyManager.h */,
				C5BC7CCE2913039800950F23 /* FixedViewController.h */,
			);
			path = SkyEpub;
			sourceTree = "<group>";
		};
		C5F89F56291672F0008144BA /* UIViewHelpers */ = {
			isa = PBXGroup;
			children = (
				C5F89F6329167424008144BA /* SkyEpubTheme.swift */,
				C5F89F572916731F008144BA /* ArrowView.swift */,
				C5F89F5F291673B6008144BA /* SkySlider.swift */,
				C5F89F61291673CF008144BA /* SearchResultType.swift */,
				C5F89F592916735A008144BA /* UIImage+Extension+SkyEpub.swift */,
				C5F89F5B2916737A008144BA /* UIButton+Extension+SkyEpub.swift */,
				C5F89F5D2916739B008144BA /* UIColor+Extension+SkyEpub.swift */,
			);
			path = UIViewHelpers;
			sourceTree = "<group>";
		};
		C5F89F652916745F008144BA /* BookViewReader */ = {
			isa = PBXGroup;
			children = (
				C5BC7CDB29149A5A00950F23 /* BookViewController.swift */,
				C592002429163C8C001A8879 /* BookReaderStoryboard.storyboard */,
				5DFF73BB29151BE800112C27 /* BookmarksTableViewCell.swift */,
				5DFF73B729151BB600112C27 /* ContentsTableViewCell.swift */,
				5DFF73B929151BD400112C27 /* NotesTableViewCell.swift */,
				5DFF73B329151B4A00112C27 /* SearchResultView.swift */,
				5DFF73B429151B4A00112C27 /* SearchResultView.xib */,
			);
			path = BookViewReader;
			sourceTree = "<group>";
		};
		C5F89F6629168616008144BA /* Samples */ = {
			isa = PBXGroup;
			children = (
				C51E9DF628F8415E00A972A6 /* Arabic_Book.epub */,
				C51E9DF528F8415D00A972A6 /* English_Book.epub */,
				C5F89F6729168616008144BA /* Alice.epub */,
				C5F89F6829168616008144BA /* Doctor.epub */,
			);
			path = Samples;
			sourceTree = "<group>";
		};
/* End PBXGroup section */

/* Begin PBXNativeTarget section */
		C5678CAB28D61F34001096BE /* EpubBookReader */ = {
			isa = PBXNativeTarget;
			buildConfigurationList = C5678CC028D61F35001096BE /* Build configuration list for PBXNativeTarget "EpubBookReader" */;
			buildPhases = (
				FEA4CD3CE4F4FF097593DA4C /* [CP] Check Pods Manifest.lock */,
				C5678CA828D61F34001096BE /* Sources */,
				C5678CA928D61F34001096BE /* Frameworks */,
				C5678CAA28D61F34001096BE /* Resources */,
			);
			buildRules = (
			);
			dependencies = (
			);
			name = EpubBookReader;
			productName = EpubBookReader;
			productReference = C5678CAC28D61F34001096BE /* EpubBookReader.app */;
			productType = "com.apple.product-type.application";
		};
/* End PBXNativeTarget section */

/* Begin PBXProject section */
		C5678CA428D61F34001096BE /* Project object */ = {
			isa = PBXProject;
			attributes = {
				BuildIndependentTargetsInParallel = 1;
				LastSwiftUpdateCheck = 1340;
				LastUpgradeCheck = 1340;
				TargetAttributes = {
					C5678CAB28D61F34001096BE = {
						CreatedOnToolsVersion = 13.4.1;
					};
				};
			};
			buildConfigurationList = C5678CA728D61F34001096BE /* Build configuration list for PBXProject "EpubBookReader" */;
			compatibilityVersion = "Xcode 13.0";
			developmentRegion = en;
			hasScannedForEncodings = 0;
			knownRegions = (
				en,
				Base,
			);
			mainGroup = C5678CA328D61F34001096BE;
			productRefGroup = C5678CAD28D61F34001096BE /* Products */;
			projectDirPath = "";
			projectRoot = "";
			targets = (
				C5678CAB28D61F34001096BE /* EpubBookReader */,
			);
		};
/* End PBXProject section */

/* Begin PBXResourcesBuildPhase section */
		C5678CAA28D61F34001096BE /* Resources */ = {
			isa = PBXResourcesBuildPhase;
			buildActionMask = 2147483647;
			files = (
				C5F89F6A29168616008144BA /* Doctor.epub in Resources */,
				C5678CBC28D61F35001096BE /* LaunchScreen.storyboard in Resources */,
				C51E9DF828F8416400A972A6 /* English_Book.epub in Resources */,
				C592005029165C5E001A8879 /* script.js in Resources */,
				C5F89F6929168616008144BA /* Alice.epub in Resources */,
				C592005529165C91001A8879 /* uwch.ttf in Resources */,
				C592004E29165C5E001A8879 /* scriptForFixed.js in Resources */,
				C5678CB928D61F35001096BE /* Assets.xcassets in Resources */,
				C51E9DF728F8416200A972A6 /* Arabic_Book.epub in Resources */,
				5DFF73B629151B4A00112C27 /* SearchResultView.xib in Resources */,
				C592004F29165C5E001A8879 /* custom.css in Resources */,
				C592002529163C8C001A8879 /* BookReaderStoryboard.storyboard in Resources */,
				C592005129165C5E001A8879 /* Books.sql in Resources */,
				C51E9DFC28F8533B00A972A6 /* .gitignore in Resources */,
				C592005629165C91001A8879 /* Mayflower Antique.ttf in Resources */,
				C5678CB728D61F34001096BE /* Main.storyboard in Resources */,
			);
			runOnlyForDeploymentPostprocessing = 0;
		};
/* End PBXResourcesBuildPhase section */

/* Begin PBXShellScriptBuildPhase section */
		FEA4CD3CE4F4FF097593DA4C /* [CP] Check Pods Manifest.lock */ = {
			isa = PBXShellScriptBuildPhase;
			buildActionMask = 2147483647;
			files = (
			);
			inputFileListPaths = (
			);
			inputPaths = (
				"${PODS_PODFILE_DIR_PATH}/Podfile.lock",
				"${PODS_ROOT}/Manifest.lock",
			);
			name = "[CP] Check Pods Manifest.lock";
			outputFileListPaths = (
			);
			outputPaths = (
				"$(DERIVED_FILE_DIR)/Pods-EpubBookReader-checkManifestLockResult.txt",
			);
			runOnlyForDeploymentPostprocessing = 0;
			shellPath = /bin/sh;
			shellScript = "diff \"${PODS_PODFILE_DIR_PATH}/Podfile.lock\" \"${PODS_ROOT}/Manifest.lock\" > /dev/null\nif [ $? != 0 ] ; then\n    # print error to STDERR\n    echo \"error: The sandbox is not in sync with the Podfile.lock. Run 'pod install' or update your CocoaPods installation.\" >&2\n    exit 1\nfi\n# This output is used by Xcode 'outputs' to avoid re-running this script phase.\necho \"SUCCESS\" > \"${SCRIPT_OUTPUT_FILE_0}\"\n";
			showEnvVarsInLog = 0;
		};
/* End PBXShellScriptBuildPhase section */

/* Begin PBXSourcesBuildPhase section */
		C5678CA828D61F34001096BE /* Sources */ = {
			isa = PBXSourcesBuildPhase;
			buildActionMask = 2147483647;
			files = (
				5DFF73B529151B4A00112C27 /* SearchResultView.swift in Sources */,
				C5F89F5E2916739B008144BA /* UIColor+Extension+SkyEpub.swift in Sources */,
				5DFF73BA29151BD400112C27 /* NotesTableViewCell.swift in Sources */,
				5DFF73BC29151BE800112C27 /* BookmarksTableViewCell.swift in Sources */,
				C5F89F6429167424008144BA /* SkyEpubTheme.swift in Sources */,
				5DFF73AE29151A7B00112C27 /* FMDatabaseQueue.m in Sources */,
				C5F89F5C2916737A008144BA /* UIButton+Extension+SkyEpub.swift in Sources */,
				5DFF73B829151BB600112C27 /* ContentsTableViewCell.swift in Sources */,
				C5678CB428D61F34001096BE /* ViewController.swift in Sources */,
				5DFF73B029151A7B00112C27 /* FMDatabase.m in Sources */,
				C5BC7CDC29149A5A00950F23 /* BookViewController.swift in Sources */,
				C5F89F582916731F008144BA /* ArrowView.swift in Sources */,
				5DFF73B129151A7B00112C27 /* FMDatabasePool.m in Sources */,
				C5F89F62291673CF008144BA /* SearchResultType.swift in Sources */,
				5DFF73B229151A7B00112C27 /* FMResultSet.m in Sources */,
				C5F89F5A2916735A008144BA /* UIImage+Extension+SkyEpub.swift in Sources */,
				5DFF739F29151A1F00112C27 /* SkyData.swift in Sources */,
				5DFF73AF29151A7B00112C27 /* FMDatabaseAdditions.m in Sources */,
				5DFF73A129151A4900112C27 /* Setting.swift in Sources */,
				C5678CB028D61F34001096BE /* AppDelegate.swift in Sources */,
				C5F89F60291673B6008144BA /* SkySlider.swift in Sources */,
			);
			runOnlyForDeploymentPostprocessing = 0;
		};
/* End PBXSourcesBuildPhase section */

/* Begin PBXVariantGroup section */
		C5678CB528D61F34001096BE /* Main.storyboard */ = {
			isa = PBXVariantGroup;
			children = (
				C5678CB628D61F34001096BE /* Base */,
			);
			name = Main.storyboard;
			sourceTree = "<group>";
		};
		C5678CBA28D61F35001096BE /* LaunchScreen.storyboard */ = {
			isa = PBXVariantGroup;
			children = (
				C5678CBB28D61F35001096BE /* Base */,
			);
			name = LaunchScreen.storyboard;
			sourceTree = "<group>";
		};
/* End PBXVariantGroup section */

/* Begin XCBuildConfiguration section */
		C5678CBE28D61F35001096BE /* Debug */ = {
			isa = XCBuildConfiguration;
			buildSettings = {
				ALWAYS_SEARCH_USER_PATHS = NO;
				CLANG_ANALYZER_NONNULL = YES;
				CLANG_ANALYZER_NUMBER_OBJECT_CONVERSION = YES_AGGRESSIVE;
				CLANG_CXX_LANGUAGE_STANDARD = "gnu++17";
				CLANG_ENABLE_MODULES = YES;
				CLANG_ENABLE_OBJC_ARC = YES;
				CLANG_ENABLE_OBJC_WEAK = YES;
				CLANG_WARN_BLOCK_CAPTURE_AUTORELEASING = YES;
				CLANG_WARN_BOOL_CONVERSION = YES;
				CLANG_WARN_COMMA = YES;
				CLANG_WARN_CONSTANT_CONVERSION = YES;
				CLANG_WARN_DEPRECATED_OBJC_IMPLEMENTATIONS = YES;
				CLANG_WARN_DIRECT_OBJC_ISA_USAGE = YES_ERROR;
				CLANG_WARN_DOCUMENTATION_COMMENTS = YES;
				CLANG_WARN_EMPTY_BODY = YES;
				CLANG_WARN_ENUM_CONVERSION = YES;
				CLANG_WARN_INFINITE_RECURSION = YES;
				CLANG_WARN_INT_CONVERSION = YES;
				CLANG_WARN_NON_LITERAL_NULL_CONVERSION = YES;
				CLANG_WARN_OBJC_IMPLICIT_RETAIN_SELF = YES;
				CLANG_WARN_OBJC_LITERAL_CONVERSION = YES;
				CLANG_WARN_OBJC_ROOT_CLASS = YES_ERROR;
				CLANG_WARN_QUOTED_INCLUDE_IN_FRAMEWORK_HEADER = YES;
				CLANG_WARN_RANGE_LOOP_ANALYSIS = YES;
				CLANG_WARN_STRICT_PROTOTYPES = YES;
				CLANG_WARN_SUSPICIOUS_MOVE = YES;
				CLANG_WARN_UNGUARDED_AVAILABILITY = YES_AGGRESSIVE;
				CLANG_WARN_UNREACHABLE_CODE = YES;
				CLANG_WARN__DUPLICATE_METHOD_MATCH = YES;
				COPY_PHASE_STRIP = NO;
				DEBUG_INFORMATION_FORMAT = dwarf;
				ENABLE_STRICT_OBJC_MSGSEND = YES;
				ENABLE_TESTABILITY = YES;
				GCC_C_LANGUAGE_STANDARD = gnu11;
				GCC_DYNAMIC_NO_PIC = NO;
				GCC_NO_COMMON_BLOCKS = YES;
				GCC_OPTIMIZATION_LEVEL = 0;
				GCC_PREPROCESSOR_DEFINITIONS = (
					"DEBUG=1",
					"$(inherited)",
				);
				GCC_WARN_64_TO_32_BIT_CONVERSION = YES;
				GCC_WARN_ABOUT_RETURN_TYPE = YES_ERROR;
				GCC_WARN_UNDECLARED_SELECTOR = YES;
				GCC_WARN_UNINITIALIZED_AUTOS = YES_AGGRESSIVE;
				GCC_WARN_UNUSED_FUNCTION = YES;
				GCC_WARN_UNUSED_VARIABLE = YES;
				IPHONEOS_DEPLOYMENT_TARGET = 15.5;
				MTL_ENABLE_DEBUG_INFO = INCLUDE_SOURCE;
				MTL_FAST_MATH = YES;
				ONLY_ACTIVE_ARCH = YES;
				SDKROOT = iphoneos;
				SWIFT_ACTIVE_COMPILATION_CONDITIONS = DEBUG;
				SWIFT_OPTIMIZATION_LEVEL = "-Onone";
			};
			name = Debug;
		};
		C5678CBF28D61F35001096BE /* Release */ = {
			isa = XCBuildConfiguration;
			buildSettings = {
				ALWAYS_SEARCH_USER_PATHS = NO;
				CLANG_ANALYZER_NONNULL = YES;
				CLANG_ANALYZER_NUMBER_OBJECT_CONVERSION = YES_AGGRESSIVE;
				CLANG_CXX_LANGUAGE_STANDARD = "gnu++17";
				CLANG_ENABLE_MODULES = YES;
				CLANG_ENABLE_OBJC_ARC = YES;
				CLANG_ENABLE_OBJC_WEAK = YES;
				CLANG_WARN_BLOCK_CAPTURE_AUTORELEASING = YES;
				CLANG_WARN_BOOL_CONVERSION = YES;
				CLANG_WARN_COMMA = YES;
				CLANG_WARN_CONSTANT_CONVERSION = YES;
				CLANG_WARN_DEPRECATED_OBJC_IMPLEMENTATIONS = YES;
				CLANG_WARN_DIRECT_OBJC_ISA_USAGE = YES_ERROR;
				CLANG_WARN_DOCUMENTATION_COMMENTS = YES;
				CLANG_WARN_EMPTY_BODY = YES;
				CLANG_WARN_ENUM_CONVERSION = YES;
				CLANG_WARN_INFINITE_RECURSION = YES;
				CLANG_WARN_INT_CONVERSION = YES;
				CLANG_WARN_NON_LITERAL_NULL_CONVERSION = YES;
				CLANG_WARN_OBJC_IMPLICIT_RETAIN_SELF = YES;
				CLANG_WARN_OBJC_LITERAL_CONVERSION = YES;
				CLANG_WARN_OBJC_ROOT_CLASS = YES_ERROR;
				CLANG_WARN_QUOTED_INCLUDE_IN_FRAMEWORK_HEADER = YES;
				CLANG_WARN_RANGE_LOOP_ANALYSIS = YES;
				CLANG_WARN_STRICT_PROTOTYPES = YES;
				CLANG_WARN_SUSPICIOUS_MOVE = YES;
				CLANG_WARN_UNGUARDED_AVAILABILITY = YES_AGGRESSIVE;
				CLANG_WARN_UNREACHABLE_CODE = YES;
				CLANG_WARN__DUPLICATE_METHOD_MATCH = YES;
				COPY_PHASE_STRIP = NO;
				DEBUG_INFORMATION_FORMAT = "dwarf-with-dsym";
				ENABLE_NS_ASSERTIONS = NO;
				ENABLE_STRICT_OBJC_MSGSEND = YES;
				GCC_C_LANGUAGE_STANDARD = gnu11;
				GCC_NO_COMMON_BLOCKS = YES;
				GCC_WARN_64_TO_32_BIT_CONVERSION = YES;
				GCC_WARN_ABOUT_RETURN_TYPE = YES_ERROR;
				GCC_WARN_UNDECLARED_SELECTOR = YES;
				GCC_WARN_UNINITIALIZED_AUTOS = YES_AGGRESSIVE;
				GCC_WARN_UNUSED_FUNCTION = YES;
				GCC_WARN_UNUSED_VARIABLE = YES;
				IPHONEOS_DEPLOYMENT_TARGET = 15.5;
				MTL_ENABLE_DEBUG_INFO = NO;
				MTL_FAST_MATH = YES;
				SDKROOT = iphoneos;
				SWIFT_COMPILATION_MODE = wholemodule;
				SWIFT_OPTIMIZATION_LEVEL = "-O";
				VALIDATE_PRODUCT = YES;
			};
			name = Release;
		};
		C5678CC128D61F35001096BE /* Debug */ = {
			isa = XCBuildConfiguration;
			baseConfigurationReference = A2FC3C88A5D1A1E5BE341FB5 /* Pods-EpubBookReader.debug.xcconfig */;
			buildSettings = {
				ASSETCATALOG_COMPILER_APPICON_NAME = AppIcon;
				ASSETCATALOG_COMPILER_GLOBAL_ACCENT_COLOR_NAME = AccentColor;
				CODE_SIGN_STYLE = Manual;
				CURRENT_PROJECT_VERSION = 1;
				DEVELOPMENT_TEAM = "";
				GENERATE_INFOPLIST_FILE = YES;
				INFOPLIST_FILE = EpubBookReader/Info.plist;
				INFOPLIST_KEY_UIApplicationSupportsIndirectInputEvents = YES;
				INFOPLIST_KEY_UILaunchStoryboardName = LaunchScreen;
				INFOPLIST_KEY_UIMainStoryboardFile = Main;
				INFOPLIST_KEY_UISupportedInterfaceOrientations_iPad = "UIInterfaceOrientationPortrait UIInterfaceOrientationPortraitUpsideDown UIInterfaceOrientationLandscapeLeft UIInterfaceOrientationLandscapeRight";
				INFOPLIST_KEY_UISupportedInterfaceOrientations_iPhone = "UIInterfaceOrientationPortrait UIInterfaceOrientationLandscapeLeft UIInterfaceOrientationLandscapeRight";
				IPHONEOS_DEPLOYMENT_TARGET = 13.0;
				LD_RUNPATH_SEARCH_PATHS = (
					"$(inherited)",
					"@executable_path/Frameworks",
				);
				LIBRARY_SEARCH_PATHS = (
					"$(inherited)",
					"$(PROJECT_DIR)/SkyEpub",
				);
				MARKETING_VERSION = 1.0;
				PRODUCT_BUNDLE_IDENTIFIER = com.apps.EpubBookReader;
				PRODUCT_NAME = "$(TARGET_NAME)";
				PROVISIONING_PROFILE_SPECIFIER = "";
				SWIFT_EMIT_LOC_STRINGS = YES;
				SWIFT_OBJC_BRIDGING_HEADER = "$(PROJECT_DIR)/Bridge.h";
				SWIFT_VERSION = 5.0;
				TARGETED_DEVICE_FAMILY = "1,2";
			};
			name = Debug;
		};
		C5678CC228D61F35001096BE /* Release */ = {
			isa = XCBuildConfiguration;
			baseConfigurationReference = DCA771F555BBD0B9CBA5FC8B /* Pods-EpubBookReader.release.xcconfig */;
			buildSettings = {
				ASSETCATALOG_COMPILER_APPICON_NAME = AppIcon;
				ASSETCATALOG_COMPILER_GLOBAL_ACCENT_COLOR_NAME = AccentColor;
				CODE_SIGN_STYLE = Manual;
				CURRENT_PROJECT_VERSION = 1;
				DEVELOPMENT_TEAM = "";
				GENERATE_INFOPLIST_FILE = YES;
				INFOPLIST_FILE = EpubBookReader/Info.plist;
				INFOPLIST_KEY_UIApplicationSupportsIndirectInputEvents = YES;
				INFOPLIST_KEY_UILaunchStoryboardName = LaunchScreen;
				INFOPLIST_KEY_UIMainStoryboardFile = Main;
				INFOPLIST_KEY_UISupportedInterfaceOrientations_iPad = "UIInterfaceOrientationPortrait UIInterfaceOrientationPortraitUpsideDown UIInterfaceOrientationLandscapeLeft UIInterfaceOrientationLandscapeRight";
				INFOPLIST_KEY_UISupportedInterfaceOrientations_iPhone = "UIInterfaceOrientationPortrait UIInterfaceOrientationLandscapeLeft UIInterfaceOrientationLandscapeRight";
				IPHONEOS_DEPLOYMENT_TARGET = 13.0;
				LD_RUNPATH_SEARCH_PATHS = (
					"$(inherited)",
					"@executable_path/Frameworks",
				);
				LIBRARY_SEARCH_PATHS = (
					"$(inherited)",
					"$(PROJECT_DIR)/SkyEpub",
				);
				MARKETING_VERSION = 1.0;
				PRODUCT_BUNDLE_IDENTIFIER = com.apps.EpubBookReader;
				PRODUCT_NAME = "$(TARGET_NAME)";
				PROVISIONING_PROFILE_SPECIFIER = "";
				SWIFT_EMIT_LOC_STRINGS = YES;
				SWIFT_OBJC_BRIDGING_HEADER = "$(PROJECT_DIR)/Bridge.h";
				SWIFT_VERSION = 5.0;
				TARGETED_DEVICE_FAMILY = "1,2";
			};
			name = Release;
		};
/* End XCBuildConfiguration section */

/* Begin XCConfigurationList section */
		C5678CA728D61F34001096BE /* Build configuration list for PBXProject "EpubBookReader" */ = {
			isa = XCConfigurationList;
			buildConfigurations = (
				C5678CBE28D61F35001096BE /* Debug */,
				C5678CBF28D61F35001096BE /* Release */,
			);
			defaultConfigurationIsVisible = 0;
			defaultConfigurationName = Release;
		};
		C5678CC028D61F35001096BE /* Build configuration list for PBXNativeTarget "EpubBookReader" */ = {
			isa = XCConfigurationList;
			buildConfigurations = (
				C5678CC128D61F35001096BE /* Debug */,
				C5678CC228D61F35001096BE /* Release */,
			);
			defaultConfigurationIsVisible = 0;
			defaultConfigurationName = Release;
		};
/* End XCConfigurationList section */
	};
	rootObject = C5678CA428D61F34001096BE /* Project object */;
}
