// !$*UTF8*$!
{
	archiveVersion = 1;
	classes = {
	};
	objectVersion = 55;
	objects = {

/* Begin PBXBuildFile section */
		5201F4663449A602073007AA /* Pods_EpubBookReader.framework in Frameworks */ = {isa = PBXBuildFile; fileRef = 8670F98AD48F35C40967A51C /* Pods_EpubBookReader.framework */; };
		5DFF739F29151A1F00112C27 /* SkyData.swift in Sources */ = {isa = PBXBuildFile; fileRef = 5DFF739E29151A1F00112C27 /* SkyData.swift */; };
		5DFF73A129151A4900112C27 /* SkyEpubSetting.swift in Sources */ = {isa = PBXBuildFile; fileRef = 5DFF73A029151A4900112C27 /* SkyEpubSetting.swift */; };
		5DFF73AE29151A7B00112C27 /* FMDatabaseQueue.m in Sources */ = {isa = PBXBuildFile; fileRef = 5DFF73A429151A7B00112C27 /* FMDatabaseQueue.m */; };
		5DFF73AF29151A7B00112C27 /* FMDatabaseAdditions.m in Sources */ = {isa = PBXBuildFile; fileRef = 5DFF73A729151A7B00112C27 /* FMDatabaseAdditions.m */; };
		5DFF73B029151A7B00112C27 /* FMDatabase.m in Sources */ = {isa = PBXBuildFile; fileRef = 5DFF73A829151A7B00112C27 /* FMDatabase.m */; };
		5DFF73B129151A7B00112C27 /* FMDatabasePool.m in Sources */ = {isa = PBXBuildFile; fileRef = 5DFF73AC29151A7B00112C27 /* FMDatabasePool.m */; };
		5DFF73B229151A7B00112C27 /* FMResultSet.m in Sources */ = {isa = PBXBuildFile; fileRef = 5DFF73AD29151A7B00112C27 /* FMResultSet.m */; };
		5DFF73B529151B4A00112C27 /* SkyEpubSearchResultView.swift in Sources */ = {isa = PBXBuildFile; fileRef = 5DFF73B329151B4A00112C27 /* SkyEpubSearchResultView.swift */; };
		5DFF73B629151B4A00112C27 /* SkyEpubSearchResultView.xib in Resources */ = {isa = PBXBuildFile; fileRef = 5DFF73B429151B4A00112C27 /* SkyEpubSearchResultView.xib */; };
		5DFF73B829151BB600112C27 /* SkyEpubContentsTableViewCell.swift in Sources */ = {isa = PBXBuildFile; fileRef = 5DFF73B729151BB600112C27 /* SkyEpubContentsTableViewCell.swift */; };
		5DFF73BA29151BD400112C27 /* SkyEpubNotesTableViewCell.swift in Sources */ = {isa = PBXBuildFile; fileRef = 5DFF73B929151BD400112C27 /* SkyEpubNotesTableViewCell.swift */; };
		5DFF73BC29151BE800112C27 /* SkyEpubBookmarksTableViewCell.swift in Sources */ = {isa = PBXBuildFile; fileRef = 5DFF73BB29151BE800112C27 /* SkyEpubBookmarksTableViewCell.swift */; };
		C51E9DF728F8416200A972A6 /* Arabic_Book.epub in Resources */ = {isa = PBXBuildFile; fileRef = C51E9DF628F8415E00A972A6 /* Arabic_Book.epub */; };
		C51E9DF828F8416400A972A6 /* English_Book.epub in Resources */ = {isa = PBXBuildFile; fileRef = C51E9DF528F8415D00A972A6 /* English_Book.epub */; };
		C51E9DFC28F8533B00A972A6 /* .gitignore in Resources */ = {isa = PBXBuildFile; fileRef = C51E9DFB28F8533B00A972A6 /* .gitignore */; };
		C54FAC732922AD130038A0B2 /* FirebaseAnalytics in Frameworks */ = {isa = PBXBuildFile; productRef = C54FAC722922AD130038A0B2 /* FirebaseAnalytics */; };
		C54FAC752922AD130038A0B2 /* FirebaseAnalyticsOnDeviceConversion in Frameworks */ = {isa = PBXBuildFile; productRef = C54FAC742922AD130038A0B2 /* FirebaseAnalyticsOnDeviceConversion */; };
		C54FAC772922AD130038A0B2 /* FirebaseAnalyticsSwift in Frameworks */ = {isa = PBXBuildFile; productRef = C54FAC762922AD130038A0B2 /* FirebaseAnalyticsSwift */; };
		C54FAC792922AD130038A0B2 /* FirebaseAnalyticsWithoutAdIdSupport in Frameworks */ = {isa = PBXBuildFile; productRef = C54FAC782922AD130038A0B2 /* FirebaseAnalyticsWithoutAdIdSupport */; };
		C54FAC7B2922AD130038A0B2 /* FirebaseAppCheck in Frameworks */ = {isa = PBXBuildFile; productRef = C54FAC7A2922AD130038A0B2 /* FirebaseAppCheck */; };
		C54FAC7D2922AD130038A0B2 /* FirebaseAuth in Frameworks */ = {isa = PBXBuildFile; productRef = C54FAC7C2922AD130038A0B2 /* FirebaseAuth */; };
		C54FAC7F2922AD130038A0B2 /* FirebaseCrashlytics in Frameworks */ = {isa = PBXBuildFile; productRef = C54FAC7E2922AD130038A0B2 /* FirebaseCrashlytics */; };
		C54FAC812922AD130038A0B2 /* FirebaseDynamicLinks in Frameworks */ = {isa = PBXBuildFile; productRef = C54FAC802922AD130038A0B2 /* FirebaseDynamicLinks */; };
		C54FAC832922AD130038A0B2 /* FirebaseMessaging in Frameworks */ = {isa = PBXBuildFile; productRef = C54FAC822922AD130038A0B2 /* FirebaseMessaging */; };
		C54FAC852922AD130038A0B2 /* FirebaseRemoteConfig in Frameworks */ = {isa = PBXBuildFile; productRef = C54FAC842922AD130038A0B2 /* FirebaseRemoteConfig */; };
		C54FAC872922AD130038A0B2 /* FirebaseRemoteConfigSwift in Frameworks */ = {isa = PBXBuildFile; productRef = C54FAC862922AD130038A0B2 /* FirebaseRemoteConfigSwift */; };
		C54FAC8A2922ADB50038A0B2 /* FacebookCore in Frameworks */ = {isa = PBXBuildFile; productRef = C54FAC892922ADB50038A0B2 /* FacebookCore */; };
		C54FAC8C2922ADB50038A0B2 /* FacebookLogin in Frameworks */ = {isa = PBXBuildFile; productRef = C54FAC8B2922ADB50038A0B2 /* FacebookLogin */; };
		C54FAC8E2922ADB50038A0B2 /* FacebookShare in Frameworks */ = {isa = PBXBuildFile; productRef = C54FAC8D2922ADB50038A0B2 /* FacebookShare */; };
		C54FAC912922AE0A0038A0B2 /* SwiftMessages in Frameworks */ = {isa = PBXBuildFile; productRef = C54FAC902922AE0A0038A0B2 /* SwiftMessages */; };
		C54FAC932922AE0A0038A0B2 /* SwiftMessages-Dynamic in Frameworks */ = {isa = PBXBuildFile; productRef = C54FAC922922AE0A0038A0B2 /* SwiftMessages-Dynamic */; };
		C5678CB028D61F34001096BE /* AppDelegate.swift in Sources */ = {isa = PBXBuildFile; fileRef = C5678CAF28D61F34001096BE /* AppDelegate.swift */; };
		C5678CB428D61F34001096BE /* ViewController.swift in Sources */ = {isa = PBXBuildFile; fileRef = C5678CB328D61F34001096BE /* ViewController.swift */; };
		C5678CB728D61F34001096BE /* Main.storyboard in Resources */ = {isa = PBXBuildFile; fileRef = C5678CB528D61F34001096BE /* Main.storyboard */; };
		C5678CB928D61F35001096BE /* Assets.xcassets in Resources */ = {isa = PBXBuildFile; fileRef = C5678CB828D61F35001096BE /* Assets.xcassets */; };
		C5678CBC28D61F35001096BE /* LaunchScreen.storyboard in Resources */ = {isa = PBXBuildFile; fileRef = C5678CBA28D61F35001096BE /* LaunchScreen.storyboard */; };
		C592002529163C8C001A8879 /* SkyEpubStoryboard.storyboard in Resources */ = {isa = PBXBuildFile; fileRef = C592002429163C8C001A8879 /* SkyEpubStoryboard.storyboard */; };
		C592004E29165C5E001A8879 /* scriptForFixed.js in Resources */ = {isa = PBXBuildFile; fileRef = C592004A29165C5E001A8879 /* scriptForFixed.js */; };
		C592004F29165C5E001A8879 /* custom.css in Resources */ = {isa = PBXBuildFile; fileRef = C592004B29165C5E001A8879 /* custom.css */; };
		C592005029165C5E001A8879 /* script.js in Resources */ = {isa = PBXBuildFile; fileRef = C592004C29165C5E001A8879 /* script.js */; };
		C592005129165C5E001A8879 /* Books.sql in Resources */ = {isa = PBXBuildFile; fileRef = C592004D29165C5E001A8879 /* Books.sql */; };
		C592005529165C91001A8879 /* uwch.ttf in Resources */ = {isa = PBXBuildFile; fileRef = C592005329165C91001A8879 /* uwch.ttf */; };
		C592005629165C91001A8879 /* Mayflower Antique.ttf in Resources */ = {isa = PBXBuildFile; fileRef = C592005429165C91001A8879 /* Mayflower Antique.ttf */; };
		C5BC7CCF2913039800950F23 /* libskyepub.a in Frameworks */ = {isa = PBXBuildFile; fileRef = C5BC7CC82913039800950F23 /* libskyepub.a */; };
		C5C782F0291E41DB00341B07 /* SkyConfigurator.swift in Sources */ = {isa = PBXBuildFile; fileRef = C5C782EF291E41DB00341B07 /* SkyConfigurator.swift */; };
		C5C7838629218D0000341B07 /* SkyBookReaderViewController+SkyError.swift in Sources */ = {isa = PBXBuildFile; fileRef = C5C7837529218CFF00341B07 /* SkyBookReaderViewController+SkyError.swift */; };
		C5C7838729218D0000341B07 /* SkyBookReaderViewController+fonts.swift in Sources */ = {isa = PBXBuildFile; fileRef = C5C7837629218CFF00341B07 /* SkyBookReaderViewController+fonts.swift */; };
		C5C7838829218D0000341B07 /* SkyBookReaderViewController+Bookmark.swift in Sources */ = {isa = PBXBuildFile; fileRef = C5C7837729218CFF00341B07 /* SkyBookReaderViewController+Bookmark.swift */; };
		C5C7838929218D0000341B07 /* SkyBookReaderViewController+Note.swift in Sources */ = {isa = PBXBuildFile; fileRef = C5C7837829218CFF00341B07 /* SkyBookReaderViewController+Note.swift */; };
		C5C7838A29218D0000341B07 /* SkyBookReaderViewController+UITableView.swift in Sources */ = {isa = PBXBuildFile; fileRef = C5C7837929218CFF00341B07 /* SkyBookReaderViewController+UITableView.swift */; };
		C5C7838B29218D0000341B07 /* SkyBookReaderViewController+MediaBox.swift in Sources */ = {isa = PBXBuildFile; fileRef = C5C7837A29218CFF00341B07 /* SkyBookReaderViewController+MediaBox.swift */; };
		C5C7838C29218D0000341B07 /* SkyBookReaderViewController+ReflowableViewControllerDataSource.swift in Sources */ = {isa = PBXBuildFile; fileRef = C5C7837B29218CFF00341B07 /* SkyBookReaderViewController+ReflowableViewControllerDataSource.swift */; };
		C5C7838D29218D0000341B07 /* SkyBookReaderViewController+UITextFieldDelegate.swift in Sources */ = {isa = PBXBuildFile; fileRef = C5C7837C29218CFF00341B07 /* SkyBookReaderViewController+UITextFieldDelegate.swift */; };
		C5C7838E29218D0000341B07 /* SkyBookReaderViewController.swift in Sources */ = {isa = PBXBuildFile; fileRef = C5C7837D29218CFF00341B07 /* SkyBookReaderViewController.swift */; };
		C5C7838F29218D0000341B07 /* SkyBookReaderViewController+SkyProviderDataSource.swift in Sources */ = {isa = PBXBuildFile; fileRef = C5C7837E29218CFF00341B07 /* SkyBookReaderViewController+SkyProviderDataSource.swift */; };
		C5C7839029218D0000341B07 /* SkyBookReaderViewController+Theme.swift in Sources */ = {isa = PBXBuildFile; fileRef = C5C7837F29218CFF00341B07 /* SkyBookReaderViewController+Theme.swift */; };
		C5C7839129218D0000341B07 /* SkyBookReaderViewController+SIBox.swift in Sources */ = {isa = PBXBuildFile; fileRef = C5C7838029218CFF00341B07 /* SkyBookReaderViewController+SIBox.swift */; };
		C5C7839229218D0000341B07 /* SkyBookReaderViewController+Search.swift in Sources */ = {isa = PBXBuildFile; fileRef = C5C7838129218CFF00341B07 /* SkyBookReaderViewController+Search.swift */; };
		C5C7839329218D0000341B07 /* SkyBookReaderViewController+highlight.swift in Sources */ = {isa = PBXBuildFile; fileRef = C5C7838229218D0000341B07 /* SkyBookReaderViewController+highlight.swift */; };
		C5C7839429218D0000341B07 /* SkyBookReaderViewController+ColorBox.swift in Sources */ = {isa = PBXBuildFile; fileRef = C5C7838329218D0000341B07 /* SkyBookReaderViewController+ColorBox.swift */; };
		C5C7839529218D0000341B07 /* SkyBookReaderViewController+LineSpacing.swift in Sources */ = {isa = PBXBuildFile; fileRef = C5C7838429218D0000341B07 /* SkyBookReaderViewController+LineSpacing.swift */; };
		C5C7839629218D0000341B07 /* SkyBookReaderViewController+listBox.swift in Sources */ = {isa = PBXBuildFile; fileRef = C5C7838529218D0000341B07 /* SkyBookReaderViewController+listBox.swift */; };
		C5F89F582916731F008144BA /* SkyEpubArrowView.swift in Sources */ = {isa = PBXBuildFile; fileRef = C5F89F572916731F008144BA /* SkyEpubArrowView.swift */; };
		C5F89F5A2916735A008144BA /* UIImage+Extension+SkyEpub.swift in Sources */ = {isa = PBXBuildFile; fileRef = C5F89F592916735A008144BA /* UIImage+Extension+SkyEpub.swift */; };
		C5F89F5C2916737A008144BA /* UIButton+Extension+SkyEpub.swift in Sources */ = {isa = PBXBuildFile; fileRef = C5F89F5B2916737A008144BA /* UIButton+Extension+SkyEpub.swift */; };
		C5F89F5E2916739B008144BA /* UIColor+Extension+SkyEpub.swift in Sources */ = {isa = PBXBuildFile; fileRef = C5F89F5D2916739B008144BA /* UIColor+Extension+SkyEpub.swift */; };
		C5F89F60291673B6008144BA /* SkySlider.swift in Sources */ = {isa = PBXBuildFile; fileRef = C5F89F5F291673B6008144BA /* SkySlider.swift */; };
		C5F89F62291673CF008144BA /* SkySearchResultType.swift in Sources */ = {isa = PBXBuildFile; fileRef = C5F89F61291673CF008144BA /* SkySearchResultType.swift */; };
		C5F89F6429167424008144BA /* SkyEpubTheme.swift in Sources */ = {isa = PBXBuildFile; fileRef = C5F89F6329167424008144BA /* SkyEpubTheme.swift */; };
		C5F89F6929168616008144BA /* Alice.epub in Resources */ = {isa = PBXBuildFile; fileRef = C5F89F6729168616008144BA /* Alice.epub */; };
		C5F89F6A29168616008144BA /* Doctor.epub in Resources */ = {isa = PBXBuildFile; fileRef = C5F89F6829168616008144BA /* Doctor.epub */; };
		C5F89F762916A055008144BA /* FileHelper.swift in Sources */ = {isa = PBXBuildFile; fileRef = C5F89F752916A055008144BA /* FileHelper.swift */; };
		C5F89F782916A096008144BA /* Debugger.swift in Sources */ = {isa = PBXBuildFile; fileRef = C5F89F772916A096008144BA /* Debugger.swift */; };
/* End PBXBuildFile section */

/* Begin PBXFileReference section */
		5DFF739E29151A1F00112C27 /* SkyData.swift */ = {isa = PBXFileReference; fileEncoding = 4; lastKnownFileType = sourcecode.swift; path = SkyData.swift; sourceTree = "<group>"; };
		5DFF73A029151A4900112C27 /* SkyEpubSetting.swift */ = {isa = PBXFileReference; fileEncoding = 4; lastKnownFileType = sourcecode.swift; path = SkyEpubSetting.swift; sourceTree = "<group>"; };
		5DFF73A329151A7B00112C27 /* FMDatabase.h */ = {isa = PBXFileReference; fileEncoding = 4; lastKnownFileType = sourcecode.c.h; path = FMDatabase.h; sourceTree = "<group>"; };
		5DFF73A429151A7B00112C27 /* FMDatabaseQueue.m */ = {isa = PBXFileReference; fileEncoding = 4; lastKnownFileType = sourcecode.c.objc; path = FMDatabaseQueue.m; sourceTree = "<group>"; };
		5DFF73A529151A7B00112C27 /* FMResultSet.h */ = {isa = PBXFileReference; fileEncoding = 4; lastKnownFileType = sourcecode.c.h; path = FMResultSet.h; sourceTree = "<group>"; };
		5DFF73A629151A7B00112C27 /* FMDatabasePool.h */ = {isa = PBXFileReference; fileEncoding = 4; lastKnownFileType = sourcecode.c.h; path = FMDatabasePool.h; sourceTree = "<group>"; };
		5DFF73A729151A7B00112C27 /* FMDatabaseAdditions.m */ = {isa = PBXFileReference; fileEncoding = 4; lastKnownFileType = sourcecode.c.objc; path = FMDatabaseAdditions.m; sourceTree = "<group>"; };
		5DFF73A829151A7B00112C27 /* FMDatabase.m */ = {isa = PBXFileReference; fileEncoding = 4; lastKnownFileType = sourcecode.c.objc; path = FMDatabase.m; sourceTree = "<group>"; };
		5DFF73A929151A7B00112C27 /* FMDatabaseQueue.h */ = {isa = PBXFileReference; fileEncoding = 4; lastKnownFileType = sourcecode.c.h; path = FMDatabaseQueue.h; sourceTree = "<group>"; };
		5DFF73AA29151A7B00112C27 /* FMDB.h */ = {isa = PBXFileReference; fileEncoding = 4; lastKnownFileType = sourcecode.c.h; path = FMDB.h; sourceTree = "<group>"; };
		5DFF73AB29151A7B00112C27 /* FMDatabaseAdditions.h */ = {isa = PBXFileReference; fileEncoding = 4; lastKnownFileType = sourcecode.c.h; path = FMDatabaseAdditions.h; sourceTree = "<group>"; };
		5DFF73AC29151A7B00112C27 /* FMDatabasePool.m */ = {isa = PBXFileReference; fileEncoding = 4; lastKnownFileType = sourcecode.c.objc; path = FMDatabasePool.m; sourceTree = "<group>"; };
		5DFF73AD29151A7B00112C27 /* FMResultSet.m */ = {isa = PBXFileReference; fileEncoding = 4; lastKnownFileType = sourcecode.c.objc; path = FMResultSet.m; sourceTree = "<group>"; };
		5DFF73B329151B4A00112C27 /* SkyEpubSearchResultView.swift */ = {isa = PBXFileReference; fileEncoding = 4; lastKnownFileType = sourcecode.swift; path = SkyEpubSearchResultView.swift; sourceTree = "<group>"; };
		5DFF73B429151B4A00112C27 /* SkyEpubSearchResultView.xib */ = {isa = PBXFileReference; fileEncoding = 4; lastKnownFileType = file.xib; path = SkyEpubSearchResultView.xib; sourceTree = "<group>"; };
		5DFF73B729151BB600112C27 /* SkyEpubContentsTableViewCell.swift */ = {isa = PBXFileReference; fileEncoding = 4; lastKnownFileType = sourcecode.swift; path = SkyEpubContentsTableViewCell.swift; sourceTree = "<group>"; };
		5DFF73B929151BD400112C27 /* SkyEpubNotesTableViewCell.swift */ = {isa = PBXFileReference; fileEncoding = 4; lastKnownFileType = sourcecode.swift; path = SkyEpubNotesTableViewCell.swift; sourceTree = "<group>"; };
		5DFF73BB29151BE800112C27 /* SkyEpubBookmarksTableViewCell.swift */ = {isa = PBXFileReference; fileEncoding = 4; lastKnownFileType = sourcecode.swift; path = SkyEpubBookmarksTableViewCell.swift; sourceTree = "<group>"; };
		8670F98AD48F35C40967A51C /* Pods_EpubBookReader.framework */ = {isa = PBXFileReference; explicitFileType = wrapper.framework; includeInIndex = 0; path = Pods_EpubBookReader.framework; sourceTree = BUILT_PRODUCTS_DIR; };
		A2FC3C88A5D1A1E5BE341FB5 /* Pods-EpubBookReader.debug.xcconfig */ = {isa = PBXFileReference; includeInIndex = 1; lastKnownFileType = text.xcconfig; name = "Pods-EpubBookReader.debug.xcconfig"; path = "Target Support Files/Pods-EpubBookReader/Pods-EpubBookReader.debug.xcconfig"; sourceTree = "<group>"; };
		C51E9DF528F8415D00A972A6 /* English_Book.epub */ = {isa = PBXFileReference; lastKnownFileType = file; path = English_Book.epub; sourceTree = "<group>"; };
		C51E9DF628F8415E00A972A6 /* Arabic_Book.epub */ = {isa = PBXFileReference; lastKnownFileType = file; path = Arabic_Book.epub; sourceTree = "<group>"; };
		C51E9DFB28F8533B00A972A6 /* .gitignore */ = {isa = PBXFileReference; fileEncoding = 4; lastKnownFileType = text; path = .gitignore; sourceTree = "<group>"; };
		C5678CAC28D61F34001096BE /* EpubBookReader.app */ = {isa = PBXFileReference; explicitFileType = wrapper.application; includeInIndex = 0; path = EpubBookReader.app; sourceTree = BUILT_PRODUCTS_DIR; };
		C5678CAF28D61F34001096BE /* AppDelegate.swift */ = {isa = PBXFileReference; lastKnownFileType = sourcecode.swift; path = AppDelegate.swift; sourceTree = "<group>"; };
		C5678CB328D61F34001096BE /* ViewController.swift */ = {isa = PBXFileReference; lastKnownFileType = sourcecode.swift; path = ViewController.swift; sourceTree = "<group>"; };
		C5678CB628D61F34001096BE /* Base */ = {isa = PBXFileReference; lastKnownFileType = file.storyboard; name = Base; path = Base.lproj/Main.storyboard; sourceTree = "<group>"; };
		C5678CB828D61F35001096BE /* Assets.xcassets */ = {isa = PBXFileReference; lastKnownFileType = folder.assetcatalog; path = Assets.xcassets; sourceTree = "<group>"; };
		C5678CBB28D61F35001096BE /* Base */ = {isa = PBXFileReference; lastKnownFileType = file.storyboard; name = Base; path = Base.lproj/LaunchScreen.storyboard; sourceTree = "<group>"; };
		C5678CBD28D61F35001096BE /* Info.plist */ = {isa = PBXFileReference; lastKnownFileType = text.plist.xml; path = Info.plist; sourceTree = "<group>"; };
		C592002429163C8C001A8879 /* SkyEpubStoryboard.storyboard */ = {isa = PBXFileReference; fileEncoding = 4; lastKnownFileType = file.storyboard; path = SkyEpubStoryboard.storyboard; sourceTree = "<group>"; };
		C592004A29165C5E001A8879 /* scriptForFixed.js */ = {isa = PBXFileReference; fileEncoding = 4; lastKnownFileType = sourcecode.javascript; path = scriptForFixed.js; sourceTree = "<group>"; };
		C592004B29165C5E001A8879 /* custom.css */ = {isa = PBXFileReference; fileEncoding = 4; lastKnownFileType = text.css; path = custom.css; sourceTree = "<group>"; };
		C592004C29165C5E001A8879 /* script.js */ = {isa = PBXFileReference; fileEncoding = 4; lastKnownFileType = sourcecode.javascript; path = script.js; sourceTree = "<group>"; };
		C592004D29165C5E001A8879 /* Books.sql */ = {isa = PBXFileReference; fileEncoding = 4; lastKnownFileType = text; path = Books.sql; sourceTree = "<group>"; };
		C592005329165C91001A8879 /* uwch.ttf */ = {isa = PBXFileReference; lastKnownFileType = file; path = uwch.ttf; sourceTree = "<group>"; };
		C592005429165C91001A8879 /* Mayflower Antique.ttf */ = {isa = PBXFileReference; lastKnownFileType = file; path = "Mayflower Antique.ttf"; sourceTree = "<group>"; };
		C5BC7CC22913039800950F23 /* Book.h */ = {isa = PBXFileReference; fileEncoding = 4; lastKnownFileType = sourcecode.c.h; path = Book.h; sourceTree = "<group>"; };
		C5BC7CC32913039800950F23 /* SkyDRMControl.h */ = {isa = PBXFileReference; fileEncoding = 4; lastKnownFileType = sourcecode.c.h; path = SkyDRMControl.h; sourceTree = "<group>"; };
		C5BC7CC42913039800950F23 /* Highlight.h */ = {isa = PBXFileReference; fileEncoding = 4; lastKnownFileType = sourcecode.c.h; path = Highlight.h; sourceTree = "<group>"; };
		C5BC7CC52913039800950F23 /* SkyEpub.h */ = {isa = PBXFileReference; fileEncoding = 4; lastKnownFileType = sourcecode.c.h; path = SkyEpub.h; sourceTree = "<group>"; };
		C5BC7CC62913039800950F23 /* SearchResult.h */ = {isa = PBXFileReference; fileEncoding = 4; lastKnownFileType = sourcecode.c.h; path = SearchResult.h; sourceTree = "<group>"; };
		C5BC7CC72913039800950F23 /* BookInformation.h */ = {isa = PBXFileReference; fileEncoding = 4; lastKnownFileType = sourcecode.c.h; path = BookInformation.h; sourceTree = "<group>"; };
		C5BC7CC82913039800950F23 /* libskyepub.a */ = {isa = PBXFileReference; lastKnownFileType = archive.ar; path = libskyepub.a; sourceTree = "<group>"; };
		C5BC7CC92913039800950F23 /* ContentProvider.h */ = {isa = PBXFileReference; fileEncoding = 4; lastKnownFileType = sourcecode.c.h; path = ContentProvider.h; sourceTree = "<group>"; };
		C5BC7CCA2913039800950F23 /* SpeechSynthesizer.h */ = {isa = PBXFileReference; fileEncoding = 4; lastKnownFileType = sourcecode.c.h; path = SpeechSynthesizer.h; sourceTree = "<group>"; };
		C5BC7CCB2913039800950F23 /* ReflowableViewController.h */ = {isa = PBXFileReference; fileEncoding = 4; lastKnownFileType = sourcecode.c.h; path = ReflowableViewController.h; sourceTree = "<group>"; };
		C5BC7CCC2913039800950F23 /* SkyProvider.h */ = {isa = PBXFileReference; fileEncoding = 4; lastKnownFileType = sourcecode.c.h; path = SkyProvider.h; sourceTree = "<group>"; };
		C5BC7CCD2913039800950F23 /* SkyKeyManager.h */ = {isa = PBXFileReference; fileEncoding = 4; lastKnownFileType = sourcecode.c.h; path = SkyKeyManager.h; sourceTree = "<group>"; };
		C5BC7CCE2913039800950F23 /* FixedViewController.h */ = {isa = PBXFileReference; fileEncoding = 4; lastKnownFileType = sourcecode.c.h; path = FixedViewController.h; sourceTree = "<group>"; };
		C5BC7CD02913047B00950F23 /* Bridge.h */ = {isa = PBXFileReference; fileEncoding = 4; lastKnownFileType = sourcecode.c.h; path = Bridge.h; sourceTree = "<group>"; };
		C5C782EF291E41DB00341B07 /* SkyConfigurator.swift */ = {isa = PBXFileReference; lastKnownFileType = sourcecode.swift; path = SkyConfigurator.swift; sourceTree = "<group>"; };
		C5C7837529218CFF00341B07 /* SkyBookReaderViewController+SkyError.swift */ = {isa = PBXFileReference; fileEncoding = 4; lastKnownFileType = sourcecode.swift; path = "SkyBookReaderViewController+SkyError.swift"; sourceTree = "<group>"; };
		C5C7837629218CFF00341B07 /* SkyBookReaderViewController+fonts.swift */ = {isa = PBXFileReference; fileEncoding = 4; lastKnownFileType = sourcecode.swift; path = "SkyBookReaderViewController+fonts.swift"; sourceTree = "<group>"; };
		C5C7837729218CFF00341B07 /* SkyBookReaderViewController+Bookmark.swift */ = {isa = PBXFileReference; fileEncoding = 4; lastKnownFileType = sourcecode.swift; path = "SkyBookReaderViewController+Bookmark.swift"; sourceTree = "<group>"; };
		C5C7837829218CFF00341B07 /* SkyBookReaderViewController+Note.swift */ = {isa = PBXFileReference; fileEncoding = 4; lastKnownFileType = sourcecode.swift; path = "SkyBookReaderViewController+Note.swift"; sourceTree = "<group>"; };
		C5C7837929218CFF00341B07 /* SkyBookReaderViewController+UITableView.swift */ = {isa = PBXFileReference; fileEncoding = 4; lastKnownFileType = sourcecode.swift; path = "SkyBookReaderViewController+UITableView.swift"; sourceTree = "<group>"; };
		C5C7837A29218CFF00341B07 /* SkyBookReaderViewController+MediaBox.swift */ = {isa = PBXFileReference; fileEncoding = 4; lastKnownFileType = sourcecode.swift; path = "SkyBookReaderViewController+MediaBox.swift"; sourceTree = "<group>"; };
		C5C7837B29218CFF00341B07 /* SkyBookReaderViewController+ReflowableViewControllerDataSource.swift */ = {isa = PBXFileReference; fileEncoding = 4; lastKnownFileType = sourcecode.swift; path = "SkyBookReaderViewController+ReflowableViewControllerDataSource.swift"; sourceTree = "<group>"; };
		C5C7837C29218CFF00341B07 /* SkyBookReaderViewController+UITextFieldDelegate.swift */ = {isa = PBXFileReference; fileEncoding = 4; lastKnownFileType = sourcecode.swift; path = "SkyBookReaderViewController+UITextFieldDelegate.swift"; sourceTree = "<group>"; };
		C5C7837D29218CFF00341B07 /* SkyBookReaderViewController.swift */ = {isa = PBXFileReference; fileEncoding = 4; lastKnownFileType = sourcecode.swift; path = SkyBookReaderViewController.swift; sourceTree = "<group>"; };
		C5C7837E29218CFF00341B07 /* SkyBookReaderViewController+SkyProviderDataSource.swift */ = {isa = PBXFileReference; fileEncoding = 4; lastKnownFileType = sourcecode.swift; path = "SkyBookReaderViewController+SkyProviderDataSource.swift"; sourceTree = "<group>"; };
		C5C7837F29218CFF00341B07 /* SkyBookReaderViewController+Theme.swift */ = {isa = PBXFileReference; fileEncoding = 4; lastKnownFileType = sourcecode.swift; path = "SkyBookReaderViewController+Theme.swift"; sourceTree = "<group>"; };
		C5C7838029218CFF00341B07 /* SkyBookReaderViewController+SIBox.swift */ = {isa = PBXFileReference; fileEncoding = 4; lastKnownFileType = sourcecode.swift; path = "SkyBookReaderViewController+SIBox.swift"; sourceTree = "<group>"; };
		C5C7838129218CFF00341B07 /* SkyBookReaderViewController+Search.swift */ = {isa = PBXFileReference; fileEncoding = 4; lastKnownFileType = sourcecode.swift; path = "SkyBookReaderViewController+Search.swift"; sourceTree = "<group>"; };
		C5C7838229218D0000341B07 /* SkyBookReaderViewController+highlight.swift */ = {isa = PBXFileReference; fileEncoding = 4; lastKnownFileType = sourcecode.swift; path = "SkyBookReaderViewController+highlight.swift"; sourceTree = "<group>"; };
		C5C7838329218D0000341B07 /* SkyBookReaderViewController+ColorBox.swift */ = {isa = PBXFileReference; fileEncoding = 4; lastKnownFileType = sourcecode.swift; path = "SkyBookReaderViewController+ColorBox.swift"; sourceTree = "<group>"; };
		C5C7838429218D0000341B07 /* SkyBookReaderViewController+LineSpacing.swift */ = {isa = PBXFileReference; fileEncoding = 4; lastKnownFileType = sourcecode.swift; path = "SkyBookReaderViewController+LineSpacing.swift"; sourceTree = "<group>"; };
		C5C7838529218D0000341B07 /* SkyBookReaderViewController+listBox.swift */ = {isa = PBXFileReference; fileEncoding = 4; lastKnownFileType = sourcecode.swift; path = "SkyBookReaderViewController+listBox.swift"; sourceTree = "<group>"; };
		C5F89F572916731F008144BA /* SkyEpubArrowView.swift */ = {isa = PBXFileReference; lastKnownFileType = sourcecode.swift; path = SkyEpubArrowView.swift; sourceTree = "<group>"; };
		C5F89F592916735A008144BA /* UIImage+Extension+SkyEpub.swift */ = {isa = PBXFileReference; lastKnownFileType = sourcecode.swift; path = "UIImage+Extension+SkyEpub.swift"; sourceTree = "<group>"; };
		C5F89F5B2916737A008144BA /* UIButton+Extension+SkyEpub.swift */ = {isa = PBXFileReference; lastKnownFileType = sourcecode.swift; path = "UIButton+Extension+SkyEpub.swift"; sourceTree = "<group>"; };
		C5F89F5D2916739B008144BA /* UIColor+Extension+SkyEpub.swift */ = {isa = PBXFileReference; lastKnownFileType = sourcecode.swift; path = "UIColor+Extension+SkyEpub.swift"; sourceTree = "<group>"; };
		C5F89F5F291673B6008144BA /* SkySlider.swift */ = {isa = PBXFileReference; lastKnownFileType = sourcecode.swift; path = SkySlider.swift; sourceTree = "<group>"; };
		C5F89F61291673CF008144BA /* SkySearchResultType.swift */ = {isa = PBXFileReference; lastKnownFileType = sourcecode.swift; path = SkySearchResultType.swift; sourceTree = "<group>"; };
		C5F89F6329167424008144BA /* SkyEpubTheme.swift */ = {isa = PBXFileReference; lastKnownFileType = sourcecode.swift; path = SkyEpubTheme.swift; sourceTree = "<group>"; };
		C5F89F6729168616008144BA /* Alice.epub */ = {isa = PBXFileReference; lastKnownFileType = file; path = Alice.epub; sourceTree = "<group>"; };
		C5F89F6829168616008144BA /* Doctor.epub */ = {isa = PBXFileReference; lastKnownFileType = file; path = Doctor.epub; sourceTree = "<group>"; };
		C5F89F752916A055008144BA /* FileHelper.swift */ = {isa = PBXFileReference; lastKnownFileType = sourcecode.swift; path = FileHelper.swift; sourceTree = "<group>"; };
		C5F89F772916A096008144BA /* Debugger.swift */ = {isa = PBXFileReference; lastKnownFileType = sourcecode.swift; path = Debugger.swift; sourceTree = "<group>"; };
		DCA771F555BBD0B9CBA5FC8B /* Pods-EpubBookReader.release.xcconfig */ = {isa = PBXFileReference; includeInIndex = 1; lastKnownFileType = text.xcconfig; name = "Pods-EpubBookReader.release.xcconfig"; path = "Target Support Files/Pods-EpubBookReader/Pods-EpubBookReader.release.xcconfig"; sourceTree = "<group>"; };
/* End PBXFileReference section */

/* Begin PBXFrameworksBuildPhase section */
		C5678CA928D61F34001096BE /* Frameworks */ = {
			isa = PBXFrameworksBuildPhase;
			buildActionMask = 2147483647;
			files = (
				5201F4663449A602073007AA /* Pods_EpubBookReader.framework in Frameworks */,
				C54FAC792922AD130038A0B2 /* FirebaseAnalyticsWithoutAdIdSupport in Frameworks */,
				C5BC7CCF2913039800950F23 /* libskyepub.a in Frameworks */,
				C54FAC852922AD130038A0B2 /* FirebaseRemoteConfig in Frameworks */,
				C54FAC932922AE0A0038A0B2 /* SwiftMessages-Dynamic in Frameworks */,
				C54FAC732922AD130038A0B2 /* FirebaseAnalytics in Frameworks */,
				C54FAC8C2922ADB50038A0B2 /* FacebookLogin in Frameworks */,
				C54FAC7B2922AD130038A0B2 /* FirebaseAppCheck in Frameworks */,
				C54FAC752922AD130038A0B2 /* FirebaseAnalyticsOnDeviceConversion in Frameworks */,
				C54FAC7F2922AD130038A0B2 /* FirebaseCrashlytics in Frameworks */,
				C54FAC772922AD130038A0B2 /* FirebaseAnalyticsSwift in Frameworks */,
				C54FAC8E2922ADB50038A0B2 /* FacebookShare in Frameworks */,
				C54FAC8A2922ADB50038A0B2 /* FacebookCore in Frameworks */,
				C54FAC7D2922AD130038A0B2 /* FirebaseAuth in Frameworks */,
				C54FAC832922AD130038A0B2 /* FirebaseMessaging in Frameworks */,
				C54FAC912922AE0A0038A0B2 /* SwiftMessages in Frameworks */,
				C54FAC812922AD130038A0B2 /* FirebaseDynamicLinks in Frameworks */,
				C54FAC872922AD130038A0B2 /* FirebaseRemoteConfigSwift in Frameworks */,
			);
			runOnlyForDeploymentPostprocessing = 0;
		};
/* End PBXFrameworksBuildPhase section */

/* Begin PBXGroup section */
		014F8107492AE50E66B61A81 /* Frameworks */ = {
			isa = PBXGroup;
			children = (
				8670F98AD48F35C40967A51C /* Pods_EpubBookReader.framework */,
			);
			name = Frameworks;
			sourceTree = "<group>";
		};
		5AE0911A1AA993142F5B458E /* Pods */ = {
			isa = PBXGroup;
			children = (
				A2FC3C88A5D1A1E5BE341FB5 /* Pods-EpubBookReader.debug.xcconfig */,
				DCA771F555BBD0B9CBA5FC8B /* Pods-EpubBookReader.release.xcconfig */,
			);
			path = Pods;
			sourceTree = "<group>";
		};
		5DFF739D291519FE00112C27 /* SkyEpubSDK */ = {
			isa = PBXGroup;
			children = (
				C5BC7CD02913047B00950F23 /* Bridge.h */,
				C5BC7CC12913039800950F23 /* SkyEpub */,
				C5C782EF291E41DB00341B07 /* SkyConfigurator.swift */,
				5DFF739E29151A1F00112C27 /* SkyData.swift */,
				5DFF73A029151A4900112C27 /* SkyEpubSetting.swift */,
				C5F89F6629168616008144BA /* SkyEpub+Books+Samples */,
				C5F89F652916745F008144BA /* SkyEpubBookViewReader */,
				C5F89F56291672F0008144BA /* SkyEpub+UIViewHelpers */,
				C592004929165C5E001A8879 /* SkyEpub+Scripts */,
				C592005229165C91001A8879 /* SkyEpub+Fonts */,
				5DFF73A229151A7B00112C27 /* fmdb */,
			);
			path = SkyEpubSDK;
			sourceTree = "<group>";
		};
		5DFF73A229151A7B00112C27 /* fmdb */ = {
			isa = PBXGroup;
			children = (
				5DFF73A329151A7B00112C27 /* FMDatabase.h */,
				5DFF73A429151A7B00112C27 /* FMDatabaseQueue.m */,
				5DFF73A529151A7B00112C27 /* FMResultSet.h */,
				5DFF73A629151A7B00112C27 /* FMDatabasePool.h */,
				5DFF73A729151A7B00112C27 /* FMDatabaseAdditions.m */,
				5DFF73A829151A7B00112C27 /* FMDatabase.m */,
				5DFF73A929151A7B00112C27 /* FMDatabaseQueue.h */,
				5DFF73AA29151A7B00112C27 /* FMDB.h */,
				5DFF73AB29151A7B00112C27 /* FMDatabaseAdditions.h */,
				5DFF73AC29151A7B00112C27 /* FMDatabasePool.m */,
				5DFF73AD29151A7B00112C27 /* FMResultSet.m */,
			);
			path = fmdb;
			sourceTree = "<group>";
		};
		C5678CA328D61F34001096BE = {
			isa = PBXGroup;
			children = (
				C51E9DFB28F8533B00A972A6 /* .gitignore */,
				5DFF739D291519FE00112C27 /* SkyEpubSDK */,
				C5F89F742916A048008144BA /* Extra */,
				C5678CAE28D61F34001096BE /* EpubBookReader */,
				C5678CAD28D61F34001096BE /* Products */,
				5AE0911A1AA993142F5B458E /* Pods */,
				014F8107492AE50E66B61A81 /* Frameworks */,
			);
			sourceTree = "<group>";
		};
		C5678CAD28D61F34001096BE /* Products */ = {
			isa = PBXGroup;
			children = (
				C5678CAC28D61F34001096BE /* EpubBookReader.app */,
			);
			name = Products;
			sourceTree = "<group>";
		};
		C5678CAE28D61F34001096BE /* EpubBookReader */ = {
			isa = PBXGroup;
			children = (
				C5678CAF28D61F34001096BE /* AppDelegate.swift */,
				C5678CB528D61F34001096BE /* Main.storyboard */,
				C5678CB328D61F34001096BE /* ViewController.swift */,
				C5678CB828D61F35001096BE /* Assets.xcassets */,
				C5678CBA28D61F35001096BE /* LaunchScreen.storyboard */,
				C5678CBD28D61F35001096BE /* Info.plist */,
			);
			path = EpubBookReader;
			sourceTree = "<group>";
		};
		C592004929165C5E001A8879 /* SkyEpub+Scripts */ = {
			isa = PBXGroup;
			children = (
				C592004A29165C5E001A8879 /* scriptForFixed.js */,
				C592004B29165C5E001A8879 /* custom.css */,
				C592004C29165C5E001A8879 /* script.js */,
				C592004D29165C5E001A8879 /* Books.sql */,
			);
			path = "SkyEpub+Scripts";
			sourceTree = "<group>";
		};
		C592005229165C91001A8879 /* SkyEpub+Fonts */ = {
			isa = PBXGroup;
			children = (
				C592005329165C91001A8879 /* uwch.ttf */,
				C592005429165C91001A8879 /* Mayflower Antique.ttf */,
			);
			path = "SkyEpub+Fonts";
			sourceTree = "<group>";
		};
		C5BC7CC12913039800950F23 /* SkyEpub */ = {
			isa = PBXGroup;
			children = (
				C5BC7CC82913039800950F23 /* libskyepub.a */,
				C5BC7CC52913039800950F23 /* SkyEpub.h */,
				C5BC7CC22913039800950F23 /* Book.h */,
				C5BC7CC72913039800950F23 /* BookInformation.h */,
				C5BC7CC92913039800950F23 /* ContentProvider.h */,
				C5BC7CCE2913039800950F23 /* FixedViewController.h */,
				C5BC7CC42913039800950F23 /* Highlight.h */,
				C5BC7CCB2913039800950F23 /* ReflowableViewController.h */,
				C5BC7CC62913039800950F23 /* SearchResult.h */,
				C5BC7CC32913039800950F23 /* SkyDRMControl.h */,
				C5BC7CCD2913039800950F23 /* SkyKeyManager.h */,
				C5BC7CCC2913039800950F23 /* SkyProvider.h */,
				C5BC7CCA2913039800950F23 /* SpeechSynthesizer.h */,
			);
			path = SkyEpub;
			sourceTree = "<group>";
		};
		C5C7837329218C5A00341B07 /* Cells */ = {
			isa = PBXGroup;
			children = (
				5DFF73BB29151BE800112C27 /* SkyEpubBookmarksTableViewCell.swift */,
				5DFF73B729151BB600112C27 /* SkyEpubContentsTableViewCell.swift */,
				5DFF73B929151BD400112C27 /* SkyEpubNotesTableViewCell.swift */,
				5DFF73B329151B4A00112C27 /* SkyEpubSearchResultView.swift */,
				5DFF73B429151B4A00112C27 /* SkyEpubSearchResultView.xib */,
			);
			path = Cells;
			sourceTree = "<group>";
		};
		C5F89F56291672F0008144BA /* SkyEpub+UIViewHelpers */ = {
			isa = PBXGroup;
			children = (
				C5F89F6329167424008144BA /* SkyEpubTheme.swift */,
				C5F89F572916731F008144BA /* SkyEpubArrowView.swift */,
				C5F89F5F291673B6008144BA /* SkySlider.swift */,
				C5F89F61291673CF008144BA /* SkySearchResultType.swift */,
				C5F89F592916735A008144BA /* UIImage+Extension+SkyEpub.swift */,
				C5F89F5B2916737A008144BA /* UIButton+Extension+SkyEpub.swift */,
				C5F89F5D2916739B008144BA /* UIColor+Extension+SkyEpub.swift */,
			);
			path = "SkyEpub+UIViewHelpers";
			sourceTree = "<group>";
		};
		C5F89F652916745F008144BA /* SkyEpubBookViewReader */ = {
			isa = PBXGroup;
			children = (
				C5C7837329218C5A00341B07 /* Cells */,
				C592002429163C8C001A8879 /* SkyEpubStoryboard.storyboard */,
				C5C7837D29218CFF00341B07 /* SkyBookReaderViewController.swift */,
				C5C7837B29218CFF00341B07 /* SkyBookReaderViewController+ReflowableViewControllerDataSource.swift */,
				C5C7837929218CFF00341B07 /* SkyBookReaderViewController+UITableView.swift */,
				C5C7837C29218CFF00341B07 /* SkyBookReaderViewController+UITextFieldDelegate.swift */,
				C5C7837E29218CFF00341B07 /* SkyBookReaderViewController+SkyProviderDataSource.swift */,
				C5C7837529218CFF00341B07 /* SkyBookReaderViewController+SkyError.swift */,
				C5C7837F29218CFF00341B07 /* SkyBookReaderViewController+Theme.swift */,
				C5C7837729218CFF00341B07 /* SkyBookReaderViewController+Bookmark.swift */,
				C5C7838329218D0000341B07 /* SkyBookReaderViewController+ColorBox.swift */,
				C5C7837629218CFF00341B07 /* SkyBookReaderViewController+fonts.swift */,
				C5C7838229218D0000341B07 /* SkyBookReaderViewController+highlight.swift */,
				C5C7838429218D0000341B07 /* SkyBookReaderViewController+LineSpacing.swift */,
				C5C7838529218D0000341B07 /* SkyBookReaderViewController+listBox.swift */,
				C5C7837A29218CFF00341B07 /* SkyBookReaderViewController+MediaBox.swift */,
				C5C7837829218CFF00341B07 /* SkyBookReaderViewController+Note.swift */,
				C5C7838129218CFF00341B07 /* SkyBookReaderViewController+Search.swift */,
				C5C7838029218CFF00341B07 /* SkyBookReaderViewController+SIBox.swift */,
			);
			path = SkyEpubBookViewReader;
			sourceTree = "<group>";
		};
		C5F89F6629168616008144BA /* SkyEpub+Books+Samples */ = {
			isa = PBXGroup;
			children = (
				C51E9DF628F8415E00A972A6 /* Arabic_Book.epub */,
				C51E9DF528F8415D00A972A6 /* English_Book.epub */,
				C5F89F6729168616008144BA /* Alice.epub */,
				C5F89F6829168616008144BA /* Doctor.epub */,
			);
			path = "SkyEpub+Books+Samples";
			sourceTree = "<group>";
		};
		C5F89F742916A048008144BA /* Extra */ = {
			isa = PBXGroup;
			children = (
				C5F89F752916A055008144BA /* FileHelper.swift */,
				C5F89F772916A096008144BA /* Debugger.swift */,
			);
			path = Extra;
			sourceTree = "<group>";
		};
/* End PBXGroup section */

/* Begin PBXNativeTarget section */
		C5678CAB28D61F34001096BE /* EpubBookReader */ = {
			isa = PBXNativeTarget;
			buildConfigurationList = C5678CC028D61F35001096BE /* Build configuration list for PBXNativeTarget "EpubBookReader" */;
			buildPhases = (
				FEA4CD3CE4F4FF097593DA4C /* [CP] Check Pods Manifest.lock */,
				C5678CA828D61F34001096BE /* Sources */,
				C5678CA928D61F34001096BE /* Frameworks */,
				C5678CAA28D61F34001096BE /* Resources */,
				0347084B1D409793EBD6E9F3 /* [CP] Embed Pods Frameworks */,
			);
			buildRules = (
			);
			dependencies = (
			);
			name = EpubBookReader;
			packageProductDependencies = (
				C54FAC722922AD130038A0B2 /* FirebaseAnalytics */,
				C54FAC742922AD130038A0B2 /* FirebaseAnalyticsOnDeviceConversion */,
				C54FAC762922AD130038A0B2 /* FirebaseAnalyticsSwift */,
				C54FAC782922AD130038A0B2 /* FirebaseAnalyticsWithoutAdIdSupport */,
				C54FAC7A2922AD130038A0B2 /* FirebaseAppCheck */,
				C54FAC7C2922AD130038A0B2 /* FirebaseAuth */,
				C54FAC7E2922AD130038A0B2 /* FirebaseCrashlytics */,
				C54FAC802922AD130038A0B2 /* FirebaseDynamicLinks */,
				C54FAC822922AD130038A0B2 /* FirebaseMessaging */,
				C54FAC842922AD130038A0B2 /* FirebaseRemoteConfig */,
				C54FAC862922AD130038A0B2 /* FirebaseRemoteConfigSwift */,
				C54FAC892922ADB50038A0B2 /* FacebookCore */,
				C54FAC8B2922ADB50038A0B2 /* FacebookLogin */,
				C54FAC8D2922ADB50038A0B2 /* FacebookShare */,
				C54FAC902922AE0A0038A0B2 /* SwiftMessages */,
				C54FAC922922AE0A0038A0B2 /* SwiftMessages-Dynamic */,
			);
			productName = EpubBookReader;
			productReference = C5678CAC28D61F34001096BE /* EpubBookReader.app */;
			productType = "com.apple.product-type.application";
		};
/* End PBXNativeTarget section */

/* Begin PBXProject section */
		C5678CA428D61F34001096BE /* Project object */ = {
			isa = PBXProject;
			attributes = {
				BuildIndependentTargetsInParallel = 1;
				LastSwiftUpdateCheck = 1340;
				LastUpgradeCheck = 1340;
				TargetAttributes = {
					C5678CAB28D61F34001096BE = {
						CreatedOnToolsVersion = 13.4.1;
					};
				};
			};
			buildConfigurationList = C5678CA728D61F34001096BE /* Build configuration list for PBXProject "EpubBookReader" */;
			compatibilityVersion = "Xcode 13.0";
			developmentRegion = en;
			hasScannedForEncodings = 0;
			knownRegions = (
				en,
				Base,
			);
			mainGroup = C5678CA328D61F34001096BE;
			packageReferences = (
				C54FAC712922AD130038A0B2 /* XCRemoteSwiftPackageReference "firebase-ios-sdk" */,
				C54FAC882922ADB50038A0B2 /* XCRemoteSwiftPackageReference "facebook-ios-sdk" */,
				C54FAC8F2922AE0A0038A0B2 /* XCRemoteSwiftPackageReference "SwiftMessages" */,
			);
			productRefGroup = C5678CAD28D61F34001096BE /* Products */;
			projectDirPath = "";
			projectRoot = "";
			targets = (
				C5678CAB28D61F34001096BE /* EpubBookReader */,
			);
		};
/* End PBXProject section */

/* Begin PBXResourcesBuildPhase section */
		C5678CAA28D61F34001096BE /* Resources */ = {
			isa = PBXResourcesBuildPhase;
			buildActionMask = 2147483647;
			files = (
				C5F89F6A29168616008144BA /* Doctor.epub in Resources */,
				C5678CBC28D61F35001096BE /* LaunchScreen.storyboard in Resources */,
				C51E9DF828F8416400A972A6 /* English_Book.epub in Resources */,
				C592005029165C5E001A8879 /* script.js in Resources */,
				C5F89F6929168616008144BA /* Alice.epub in Resources */,
				C592005529165C91001A8879 /* uwch.ttf in Resources */,
				C592004E29165C5E001A8879 /* scriptForFixed.js in Resources */,
				C5678CB928D61F35001096BE /* Assets.xcassets in Resources */,
				C51E9DF728F8416200A972A6 /* Arabic_Book.epub in Resources */,
				5DFF73B629151B4A00112C27 /* SkyEpubSearchResultView.xib in Resources */,
				C592004F29165C5E001A8879 /* custom.css in Resources */,
				C592002529163C8C001A8879 /* SkyEpubStoryboard.storyboard in Resources */,
				C592005129165C5E001A8879 /* Books.sql in Resources */,
				C51E9DFC28F8533B00A972A6 /* .gitignore in Resources */,
				C592005629165C91001A8879 /* Mayflower Antique.ttf in Resources */,
				C5678CB728D61F34001096BE /* Main.storyboard in Resources */,
			);
			runOnlyForDeploymentPostprocessing = 0;
		};
/* End PBXResourcesBuildPhase section */

/* Begin PBXShellScriptBuildPhase section */
		0347084B1D409793EBD6E9F3 /* [CP] Embed Pods Frameworks */ = {
			isa = PBXShellScriptBuildPhase;
			buildActionMask = 2147483647;
			files = (
			);
			inputFileListPaths = (
				"${PODS_ROOT}/Target Support Files/Pods-EpubBookReader/Pods-EpubBookReader-frameworks-${CONFIGURATION}-input-files.xcfilelist",
			);
			name = "[CP] Embed Pods Frameworks";
			outputFileListPaths = (
				"${PODS_ROOT}/Target Support Files/Pods-EpubBookReader/Pods-EpubBookReader-frameworks-${CONFIGURATION}-output-files.xcfilelist",
			);
			runOnlyForDeploymentPostprocessing = 0;
			shellPath = /bin/sh;
			shellScript = "\"${PODS_ROOT}/Target Support Files/Pods-EpubBookReader/Pods-EpubBookReader-frameworks.sh\"\n";
			showEnvVarsInLog = 0;
		};
		FEA4CD3CE4F4FF097593DA4C /* [CP] Check Pods Manifest.lock */ = {
			isa = PBXShellScriptBuildPhase;
			buildActionMask = 2147483647;
			files = (
			);
			inputFileListPaths = (
			);
			inputPaths = (
				"${PODS_PODFILE_DIR_PATH}/Podfile.lock",
				"${PODS_ROOT}/Manifest.lock",
			);
			name = "[CP] Check Pods Manifest.lock";
			outputFileListPaths = (
			);
			outputPaths = (
				"$(DERIVED_FILE_DIR)/Pods-EpubBookReader-checkManifestLockResult.txt",
			);
			runOnlyForDeploymentPostprocessing = 0;
			shellPath = /bin/sh;
			shellScript = "diff \"${PODS_PODFILE_DIR_PATH}/Podfile.lock\" \"${PODS_ROOT}/Manifest.lock\" > /dev/null\nif [ $? != 0 ] ; then\n    # print error to STDERR\n    echo \"error: The sandbox is not in sync with the Podfile.lock. Run 'pod install' or update your CocoaPods installation.\" >&2\n    exit 1\nfi\n# This output is used by Xcode 'outputs' to avoid re-running this script phase.\necho \"SUCCESS\" > \"${SCRIPT_OUTPUT_FILE_0}\"\n";
			showEnvVarsInLog = 0;
		};
/* End PBXShellScriptBuildPhase section */

/* Begin PBXSourcesBuildPhase section */
		C5678CA828D61F34001096BE /* Sources */ = {
			isa = PBXSourcesBuildPhase;
			buildActionMask = 2147483647;
			files = (
				C5C7839229218D0000341B07 /* SkyBookReaderViewController+Search.swift in Sources */,
				5DFF73B529151B4A00112C27 /* SkyEpubSearchResultView.swift in Sources */,
				C5C7839329218D0000341B07 /* SkyBookReaderViewController+highlight.swift in Sources */,
				C5F89F5E2916739B008144BA /* UIColor+Extension+SkyEpub.swift in Sources */,
				C5C7838D29218D0000341B07 /* SkyBookReaderViewController+UITextFieldDelegate.swift in Sources */,
				5DFF73BA29151BD400112C27 /* SkyEpubNotesTableViewCell.swift in Sources */,
				C5F89F782916A096008144BA /* Debugger.swift in Sources */,
				5DFF73BC29151BE800112C27 /* SkyEpubBookmarksTableViewCell.swift in Sources */,
				C5C7838929218D0000341B07 /* SkyBookReaderViewController+Note.swift in Sources */,
				C5C7838629218D0000341B07 /* SkyBookReaderViewController+SkyError.swift in Sources */,
				C5F89F6429167424008144BA /* SkyEpubTheme.swift in Sources */,
				5DFF73AE29151A7B00112C27 /* FMDatabaseQueue.m in Sources */,
				C5F89F5C2916737A008144BA /* UIButton+Extension+SkyEpub.swift in Sources */,
				5DFF73B829151BB600112C27 /* SkyEpubContentsTableViewCell.swift in Sources */,
				C5678CB428D61F34001096BE /* ViewController.swift in Sources */,
				C5C7838A29218D0000341B07 /* SkyBookReaderViewController+UITableView.swift in Sources */,
				5DFF73B029151A7B00112C27 /* FMDatabase.m in Sources */,
				C5C7838729218D0000341B07 /* SkyBookReaderViewController+fonts.swift in Sources */,
				C5C7838E29218D0000341B07 /* SkyBookReaderViewController.swift in Sources */,
				C5C7839129218D0000341B07 /* SkyBookReaderViewController+SIBox.swift in Sources */,
				C5C7838C29218D0000341B07 /* SkyBookReaderViewController+ReflowableViewControllerDataSource.swift in Sources */,
				C5C782F0291E41DB00341B07 /* SkyConfigurator.swift in Sources */,
				C5C7839529218D0000341B07 /* SkyBookReaderViewController+LineSpacing.swift in Sources */,
				C5F89F582916731F008144BA /* SkyEpubArrowView.swift in Sources */,
				5DFF73B129151A7B00112C27 /* FMDatabasePool.m in Sources */,
				C5F89F62291673CF008144BA /* SkySearchResultType.swift in Sources */,
				5DFF73B229151A7B00112C27 /* FMResultSet.m in Sources */,
				C5C7838B29218D0000341B07 /* SkyBookReaderViewController+MediaBox.swift in Sources */,
				C5C7839029218D0000341B07 /* SkyBookReaderViewController+Theme.swift in Sources */,
				C5F89F762916A055008144BA /* FileHelper.swift in Sources */,
				C5F89F5A2916735A008144BA /* UIImage+Extension+SkyEpub.swift in Sources */,
				5DFF739F29151A1F00112C27 /* SkyData.swift in Sources */,
				C5C7839629218D0000341B07 /* SkyBookReaderViewController+listBox.swift in Sources */,
				C5C7838F29218D0000341B07 /* SkyBookReaderViewController+SkyProviderDataSource.swift in Sources */,
				C5C7839429218D0000341B07 /* SkyBookReaderViewController+ColorBox.swift in Sources */,
				5DFF73AF29151A7B00112C27 /* FMDatabaseAdditions.m in Sources */,
				C5C7838829218D0000341B07 /* SkyBookReaderViewController+Bookmark.swift in Sources */,
				5DFF73A129151A4900112C27 /* SkyEpubSetting.swift in Sources */,
				C5678CB028D61F34001096BE /* AppDelegate.swift in Sources */,
				C5F89F60291673B6008144BA /* SkySlider.swift in Sources */,
			);
			runOnlyForDeploymentPostprocessing = 0;
		};
/* End PBXSourcesBuildPhase section */

/* Begin PBXVariantGroup section */
		C5678CB528D61F34001096BE /* Main.storyboard */ = {
			isa = PBXVariantGroup;
			children = (
				C5678CB628D61F34001096BE /* Base */,
			);
			name = Main.storyboard;
			sourceTree = "<group>";
		};
		C5678CBA28D61F35001096BE /* LaunchScreen.storyboard */ = {
			isa = PBXVariantGroup;
			children = (
				C5678CBB28D61F35001096BE /* Base */,
			);
			name = LaunchScreen.storyboard;
			sourceTree = "<group>";
		};
/* End PBXVariantGroup section */

/* Begin XCBuildConfiguration section */
		C5678CBE28D61F35001096BE /* Debug */ = {
			isa = XCBuildConfiguration;
			buildSettings = {
				ALWAYS_SEARCH_USER_PATHS = NO;
				CLANG_ANALYZER_NONNULL = YES;
				CLANG_ANALYZER_NUMBER_OBJECT_CONVERSION = YES_AGGRESSIVE;
				CLANG_CXX_LANGUAGE_STANDARD = "gnu++17";
				CLANG_ENABLE_MODULES = YES;
				CLANG_ENABLE_OBJC_ARC = YES;
				CLANG_ENABLE_OBJC_WEAK = YES;
				CLANG_WARN_BLOCK_CAPTURE_AUTORELEASING = YES;
				CLANG_WARN_BOOL_CONVERSION = YES;
				CLANG_WARN_COMMA = YES;
				CLANG_WARN_CONSTANT_CONVERSION = YES;
				CLANG_WARN_DEPRECATED_OBJC_IMPLEMENTATIONS = YES;
				CLANG_WARN_DIRECT_OBJC_ISA_USAGE = YES_ERROR;
				CLANG_WARN_DOCUMENTATION_COMMENTS = YES;
				CLANG_WARN_EMPTY_BODY = YES;
				CLANG_WARN_ENUM_CONVERSION = YES;
				CLANG_WARN_INFINITE_RECURSION = YES;
				CLANG_WARN_INT_CONVERSION = YES;
				CLANG_WARN_NON_LITERAL_NULL_CONVERSION = YES;
				CLANG_WARN_OBJC_IMPLICIT_RETAIN_SELF = YES;
				CLANG_WARN_OBJC_LITERAL_CONVERSION = YES;
				CLANG_WARN_OBJC_ROOT_CLASS = YES_ERROR;
				CLANG_WARN_QUOTED_INCLUDE_IN_FRAMEWORK_HEADER = YES;
				CLANG_WARN_RANGE_LOOP_ANALYSIS = YES;
				CLANG_WARN_STRICT_PROTOTYPES = YES;
				CLANG_WARN_SUSPICIOUS_MOVE = YES;
				CLANG_WARN_UNGUARDED_AVAILABILITY = YES_AGGRESSIVE;
				CLANG_WARN_UNREACHABLE_CODE = YES;
				CLANG_WARN__DUPLICATE_METHOD_MATCH = YES;
				COPY_PHASE_STRIP = NO;
				DEBUG_INFORMATION_FORMAT = dwarf;
				ENABLE_STRICT_OBJC_MSGSEND = YES;
				ENABLE_TESTABILITY = YES;
				GCC_C_LANGUAGE_STANDARD = gnu11;
				GCC_DYNAMIC_NO_PIC = NO;
				GCC_NO_COMMON_BLOCKS = YES;
				GCC_OPTIMIZATION_LEVEL = 0;
				GCC_PREPROCESSOR_DEFINITIONS = (
					"DEBUG=1",
					"$(inherited)",
				);
				GCC_WARN_64_TO_32_BIT_CONVERSION = YES;
				GCC_WARN_ABOUT_RETURN_TYPE = YES_ERROR;
				GCC_WARN_UNDECLARED_SELECTOR = YES;
				GCC_WARN_UNINITIALIZED_AUTOS = YES_AGGRESSIVE;
				GCC_WARN_UNUSED_FUNCTION = YES;
				GCC_WARN_UNUSED_VARIABLE = YES;
				IPHONEOS_DEPLOYMENT_TARGET = 15.5;
				MTL_ENABLE_DEBUG_INFO = INCLUDE_SOURCE;
				MTL_FAST_MATH = YES;
				ONLY_ACTIVE_ARCH = YES;
				SDKROOT = iphoneos;
				SWIFT_ACTIVE_COMPILATION_CONDITIONS = DEBUG;
				SWIFT_OPTIMIZATION_LEVEL = "-Onone";
			};
			name = Debug;
		};
		C5678CBF28D61F35001096BE /* Release */ = {
			isa = XCBuildConfiguration;
			buildSettings = {
				ALWAYS_SEARCH_USER_PATHS = NO;
				CLANG_ANALYZER_NONNULL = YES;
				CLANG_ANALYZER_NUMBER_OBJECT_CONVERSION = YES_AGGRESSIVE;
				CLANG_CXX_LANGUAGE_STANDARD = "gnu++17";
				CLANG_ENABLE_MODULES = YES;
				CLANG_ENABLE_OBJC_ARC = YES;
				CLANG_ENABLE_OBJC_WEAK = YES;
				CLANG_WARN_BLOCK_CAPTURE_AUTORELEASING = YES;
				CLANG_WARN_BOOL_CONVERSION = YES;
				CLANG_WARN_COMMA = YES;
				CLANG_WARN_CONSTANT_CONVERSION = YES;
				CLANG_WARN_DEPRECATED_OBJC_IMPLEMENTATIONS = YES;
				CLANG_WARN_DIRECT_OBJC_ISA_USAGE = YES_ERROR;
				CLANG_WARN_DOCUMENTATION_COMMENTS = YES;
				CLANG_WARN_EMPTY_BODY = YES;
				CLANG_WARN_ENUM_CONVERSION = YES;
				CLANG_WARN_INFINITE_RECURSION = YES;
				CLANG_WARN_INT_CONVERSION = YES;
				CLANG_WARN_NON_LITERAL_NULL_CONVERSION = YES;
				CLANG_WARN_OBJC_IMPLICIT_RETAIN_SELF = YES;
				CLANG_WARN_OBJC_LITERAL_CONVERSION = YES;
				CLANG_WARN_OBJC_ROOT_CLASS = YES_ERROR;
				CLANG_WARN_QUOTED_INCLUDE_IN_FRAMEWORK_HEADER = YES;
				CLANG_WARN_RANGE_LOOP_ANALYSIS = YES;
				CLANG_WARN_STRICT_PROTOTYPES = YES;
				CLANG_WARN_SUSPICIOUS_MOVE = YES;
				CLANG_WARN_UNGUARDED_AVAILABILITY = YES_AGGRESSIVE;
				CLANG_WARN_UNREACHABLE_CODE = YES;
				CLANG_WARN__DUPLICATE_METHOD_MATCH = YES;
				COPY_PHASE_STRIP = NO;
				DEBUG_INFORMATION_FORMAT = "dwarf-with-dsym";
				ENABLE_NS_ASSERTIONS = NO;
				ENABLE_STRICT_OBJC_MSGSEND = YES;
				GCC_C_LANGUAGE_STANDARD = gnu11;
				GCC_NO_COMMON_BLOCKS = YES;
				GCC_WARN_64_TO_32_BIT_CONVERSION = YES;
				GCC_WARN_ABOUT_RETURN_TYPE = YES_ERROR;
				GCC_WARN_UNDECLARED_SELECTOR = YES;
				GCC_WARN_UNINITIALIZED_AUTOS = YES_AGGRESSIVE;
				GCC_WARN_UNUSED_FUNCTION = YES;
				GCC_WARN_UNUSED_VARIABLE = YES;
				IPHONEOS_DEPLOYMENT_TARGET = 15.5;
				MTL_ENABLE_DEBUG_INFO = NO;
				MTL_FAST_MATH = YES;
				SDKROOT = iphoneos;
				SWIFT_COMPILATION_MODE = wholemodule;
				SWIFT_OPTIMIZATION_LEVEL = "-O";
				VALIDATE_PRODUCT = YES;
			};
			name = Release;
		};
		C5678CC128D61F35001096BE /* Debug */ = {
			isa = XCBuildConfiguration;
			baseConfigurationReference = A2FC3C88A5D1A1E5BE341FB5 /* Pods-EpubBookReader.debug.xcconfig */;
			buildSettings = {
				ASSETCATALOG_COMPILER_APPICON_NAME = AppIcon;
				ASSETCATALOG_COMPILER_GLOBAL_ACCENT_COLOR_NAME = AccentColor;
				CODE_SIGN_IDENTITY = "Apple Development";
				CODE_SIGN_STYLE = Automatic;
				CURRENT_PROJECT_VERSION = 1;
				DEVELOPMENT_TEAM = F6M3JLX3CY;
				GENERATE_INFOPLIST_FILE = YES;
				INFOPLIST_FILE = EpubBookReader/Info.plist;
				INFOPLIST_KEY_UIApplicationSupportsIndirectInputEvents = YES;
				INFOPLIST_KEY_UILaunchStoryboardName = LaunchScreen;
				INFOPLIST_KEY_UIMainStoryboardFile = Main;
				INFOPLIST_KEY_UISupportedInterfaceOrientations_iPad = "UIInterfaceOrientationPortrait UIInterfaceOrientationPortraitUpsideDown UIInterfaceOrientationLandscapeLeft UIInterfaceOrientationLandscapeRight";
				INFOPLIST_KEY_UISupportedInterfaceOrientations_iPhone = "UIInterfaceOrientationPortrait UIInterfaceOrientationLandscapeLeft UIInterfaceOrientationLandscapeRight";
				IPHONEOS_DEPLOYMENT_TARGET = 13.0;
				LD_RUNPATH_SEARCH_PATHS = (
					"$(inherited)",
					"@executable_path/Frameworks",
				);
				LIBRARY_SEARCH_PATHS = (
					"$(inherited)",
					"$(PROJECT_DIR)/SkyEpubSDK/SkyEpub",
				);
				MARKETING_VERSION = 1.0;
				PRODUCT_BUNDLE_IDENTIFIER = com.adkatech.bookJuice.live;
				PRODUCT_NAME = "$(TARGET_NAME)";
				PROVISIONING_PROFILE_SPECIFIER = "";
				SWIFT_EMIT_LOC_STRINGS = YES;
				SWIFT_OBJC_BRIDGING_HEADER = "$(PROJECT_DIR)/SkyEpubSDK/Bridge.h";
				SWIFT_VERSION = 5.0;
				TARGETED_DEVICE_FAMILY = "1,2";
			};
			name = Debug;
		};
		C5678CC228D61F35001096BE /* Release */ = {
			isa = XCBuildConfiguration;
			baseConfigurationReference = DCA771F555BBD0B9CBA5FC8B /* Pods-EpubBookReader.release.xcconfig */;
			buildSettings = {
				ASSETCATALOG_COMPILER_APPICON_NAME = AppIcon;
				ASSETCATALOG_COMPILER_GLOBAL_ACCENT_COLOR_NAME = AccentColor;
				CODE_SIGN_IDENTITY = "Apple Development";
				CODE_SIGN_STYLE = Automatic;
				CURRENT_PROJECT_VERSION = 1;
				DEVELOPMENT_TEAM = F6M3JLX3CY;
				GENERATE_INFOPLIST_FILE = YES;
				INFOPLIST_FILE = EpubBookReader/Info.plist;
				INFOPLIST_KEY_UIApplicationSupportsIndirectInputEvents = YES;
				INFOPLIST_KEY_UILaunchStoryboardName = LaunchScreen;
				INFOPLIST_KEY_UIMainStoryboardFile = Main;
				INFOPLIST_KEY_UISupportedInterfaceOrientations_iPad = "UIInterfaceOrientationPortrait UIInterfaceOrientationPortraitUpsideDown UIInterfaceOrientationLandscapeLeft UIInterfaceOrientationLandscapeRight";
				INFOPLIST_KEY_UISupportedInterfaceOrientations_iPhone = "UIInterfaceOrientationPortrait UIInterfaceOrientationLandscapeLeft UIInterfaceOrientationLandscapeRight";
				IPHONEOS_DEPLOYMENT_TARGET = 13.0;
				LD_RUNPATH_SEARCH_PATHS = (
					"$(inherited)",
					"@executable_path/Frameworks",
				);
				LIBRARY_SEARCH_PATHS = (
					"$(inherited)",
					"$(PROJECT_DIR)/SkyEpubSDK/SkyEpub",
				);
				MARKETING_VERSION = 1.0;
				PRODUCT_BUNDLE_IDENTIFIER = com.adkatech.bookJuice.live;
				PRODUCT_NAME = "$(TARGET_NAME)";
				PROVISIONING_PROFILE_SPECIFIER = "";
				SWIFT_EMIT_LOC_STRINGS = YES;
				SWIFT_OBJC_BRIDGING_HEADER = "$(PROJECT_DIR)/SkyEpubSDK/Bridge.h";
				SWIFT_VERSION = 5.0;
				TARGETED_DEVICE_FAMILY = "1,2";
			};
			name = Release;
		};
/* End XCBuildConfiguration section */

/* Begin XCConfigurationList section */
		C5678CA728D61F34001096BE /* Build configuration list for PBXProject "EpubBookReader" */ = {
			isa = XCConfigurationList;
			buildConfigurations = (
				C5678CBE28D61F35001096BE /* Debug */,
				C5678CBF28D61F35001096BE /* Release */,
			);
			defaultConfigurationIsVisible = 0;
			defaultConfigurationName = Release;
		};
		C5678CC028D61F35001096BE /* Build configuration list for PBXNativeTarget "EpubBookReader" */ = {
			isa = XCConfigurationList;
			buildConfigurations = (
				C5678CC128D61F35001096BE /* Debug */,
				C5678CC228D61F35001096BE /* Release */,
			);
			defaultConfigurationIsVisible = 0;
			defaultConfigurationName = Release;
		};
/* End XCConfigurationList section */

/* Begin XCRemoteSwiftPackageReference section */
		C54FAC712922AD130038A0B2 /* XCRemoteSwiftPackageReference "firebase-ios-sdk" */ = {
			isa = XCRemoteSwiftPackageReference;
			repositoryURL = "https://github.com/firebase/firebase-ios-sdk";
			requirement = {
				kind = upToNextMajorVersion;
				minimumVersion = 9.0.0;
			};
		};
		C54FAC882922ADB50038A0B2 /* XCRemoteSwiftPackageReference "facebook-ios-sdk" */ = {
			isa = XCRemoteSwiftPackageReference;
			repositoryURL = "https://github.com/facebook/facebook-ios-sdk";
			requirement = {
				kind = upToNextMajorVersion;
				minimumVersion = 9.0.0;
			};
		};
		C54FAC8F2922AE0A0038A0B2 /* XCRemoteSwiftPackageReference "SwiftMessages" */ = {
			isa = XCRemoteSwiftPackageReference;
			repositoryURL = "https://github.com/SwiftKickMobile/SwiftMessages";
			requirement = {
				branch = master;
				kind = branch;
			};
		};
/* End XCRemoteSwiftPackageReference section */

/* Begin XCSwiftPackageProductDependency section */
		C54FAC722922AD130038A0B2 /* FirebaseAnalytics */ = {
			isa = XCSwiftPackageProductDependency;
			package = C54FAC712922AD130038A0B2 /* XCRemoteSwiftPackageReference "firebase-ios-sdk" */;
			productName = FirebaseAnalytics;
		};
		C54FAC742922AD130038A0B2 /* FirebaseAnalyticsOnDeviceConversion */ = {
			isa = XCSwiftPackageProductDependency;
			package = C54FAC712922AD130038A0B2 /* XCRemoteSwiftPackageReference "firebase-ios-sdk" */;
			productName = FirebaseAnalyticsOnDeviceConversion;
		};
		C54FAC762922AD130038A0B2 /* FirebaseAnalyticsSwift */ = {
			isa = XCSwiftPackageProductDependency;
			package = C54FAC712922AD130038A0B2 /* XCRemoteSwiftPackageReference "firebase-ios-sdk" */;
			productName = FirebaseAnalyticsSwift;
		};
		C54FAC782922AD130038A0B2 /* FirebaseAnalyticsWithoutAdIdSupport */ = {
			isa = XCSwiftPackageProductDependency;
			package = C54FAC712922AD130038A0B2 /* XCRemoteSwiftPackageReference "firebase-ios-sdk" */;
			productName = FirebaseAnalyticsWithoutAdIdSupport;
		};
		C54FAC7A2922AD130038A0B2 /* FirebaseAppCheck */ = {
			isa = XCSwiftPackageProductDependency;
			package = C54FAC712922AD130038A0B2 /* XCRemoteSwiftPackageReference "firebase-ios-sdk" */;
			productName = FirebaseAppCheck;
		};
		C54FAC7C2922AD130038A0B2 /* FirebaseAuth */ = {
			isa = XCSwiftPackageProductDependency;
			package = C54FAC712922AD130038A0B2 /* XCRemoteSwiftPackageReference "firebase-ios-sdk" */;
			productName = FirebaseAuth;
		};
		C54FAC7E2922AD130038A0B2 /* FirebaseCrashlytics */ = {
			isa = XCSwiftPackageProductDependency;
			package = C54FAC712922AD130038A0B2 /* XCRemoteSwiftPackageReference "firebase-ios-sdk" */;
			productName = FirebaseCrashlytics;
		};
		C54FAC802922AD130038A0B2 /* FirebaseDynamicLinks */ = {
			isa = XCSwiftPackageProductDependency;
			package = C54FAC712922AD130038A0B2 /* XCRemoteSwiftPackageReference "firebase-ios-sdk" */;
			productName = FirebaseDynamicLinks;
		};
		C54FAC822922AD130038A0B2 /* FirebaseMessaging */ = {
			isa = XCSwiftPackageProductDependency;
			package = C54FAC712922AD130038A0B2 /* XCRemoteSwiftPackageReference "firebase-ios-sdk" */;
			productName = FirebaseMessaging;
		};
		C54FAC842922AD130038A0B2 /* FirebaseRemoteConfig */ = {
			isa = XCSwiftPackageProductDependency;
			package = C54FAC712922AD130038A0B2 /* XCRemoteSwiftPackageReference "firebase-ios-sdk" */;
			productName = FirebaseRemoteConfig;
		};
		C54FAC862922AD130038A0B2 /* FirebaseRemoteConfigSwift */ = {
			isa = XCSwiftPackageProductDependency;
			package = C54FAC712922AD130038A0B2 /* XCRemoteSwiftPackageReference "firebase-ios-sdk" */;
			productName = FirebaseRemoteConfigSwift;
		};
		C54FAC892922ADB50038A0B2 /* FacebookCore */ = {
			isa = XCSwiftPackageProductDependency;
			package = C54FAC882922ADB50038A0B2 /* XCRemoteSwiftPackageReference "facebook-ios-sdk" */;
			productName = FacebookCore;
		};
		C54FAC8B2922ADB50038A0B2 /* FacebookLogin */ = {
			isa = XCSwiftPackageProductDependency;
			package = C54FAC882922ADB50038A0B2 /* XCRemoteSwiftPackageReference "facebook-ios-sdk" */;
			productName = FacebookLogin;
		};
		C54FAC8D2922ADB50038A0B2 /* FacebookShare */ = {
			isa = XCSwiftPackageProductDependency;
			package = C54FAC882922ADB50038A0B2 /* XCRemoteSwiftPackageReference "facebook-ios-sdk" */;
			productName = FacebookShare;
		};
		C54FAC902922AE0A0038A0B2 /* SwiftMessages */ = {
			isa = XCSwiftPackageProductDependency;
			package = C54FAC8F2922AE0A0038A0B2 /* XCRemoteSwiftPackageReference "SwiftMessages" */;
			productName = SwiftMessages;
		};
		C54FAC922922AE0A0038A0B2 /* SwiftMessages-Dynamic */ = {
			isa = XCSwiftPackageProductDependency;
			package = C54FAC8F2922AE0A0038A0B2 /* XCRemoteSwiftPackageReference "SwiftMessages" */;
			productName = "SwiftMessages-Dynamic";
		};
/* End XCSwiftPackageProductDependency section */
	};
	rootObject = C5678CA428D61F34001096BE /* Project object */;
}
